{"format_version":"1.2","terraform_version":"1.5.7","variables":{"allowed_rdp_cidr":{"value":"203.0.113.0/24"},"allowed_ssh_cidr":{"value":"203.0.113.0/24"},"enable_cloudtrail":{"value":true},"enable_flow_logs":{"value":true},"environment":{"value":"dev"},"project_name":{"value":"secure-example"},"s3_bucket_prefix":{"value":"secure-example"},"tags":{"value":{"Environment":"dev","ManagedBy":"terraform","Project":"secure-example"}},"vpc_cidr":{"value":"10.0.0.0/16"}},"planned_values":{"outputs":{"access_logs_bucket_name":{"sensitive":false},"cloudtrail_arn":{"sensitive":false},"cloudtrail_bucket_name":{"sensitive":false},"database_security_group_id":{"sensitive":false},"ec2_instance_profile_name":{"sensitive":false},"ec2_role_arn":{"sensitive":false},"internet_gateway_id":{"sensitive":false},"nat_gateway_ip":{"sensitive":false},"private_subnet_id":{"sensitive":false},"public_subnet_id":{"sensitive":false},"secure_bucket_arn":{"sensitive":false},"secure_bucket_name":{"sensitive":false},"vpc_cidr_block":{"sensitive":false,"type":"string","value":"10.0.0.0/16"},"vpc_flow_log_id":{"sensitive":false},"vpc_id":{"sensitive":false},"web_security_group_id":{"sensitive":false}},"root_module":{"resources":[{"address":"aws_cloudtrail.main[0]","mode":"managed","type":"aws_cloudtrail","name":"main","index":0,"provider_name":"registry.terraform.io/hashicorp/aws","schema_version":1,"values":{"advanced_event_selector":[],"cloud_watch_logs_group_arn":null,"cloud_watch_logs_role_arn":null,"enable_log_file_validation":false,"enable_logging":true,"event_selector":[{"data_resource":[{"type":"AWS::S3::Object","values":["arn:aws:s3:::*/*"]}],"exclude_management_event_sources":null,"include_management_events":true,"read_write_type":"All"}],"include_global_service_events":true,"insight_selector":[],"is_multi_region_trail":false,"is_organization_trail":false,"kms_key_id":null,"name":"secure-example-dev-cloudtrail","s3_key_prefix":null,"sns_topic_name":null,"tags":{"Name":"secure-example-dev-cloudtrail"},"tags_all":{"Environment":"dev","ManagedBy":"terraform","Name":"secure-example-dev-cloudtrail","Project":"secure-example"}},"sensitive_values":{"advanced_event_selector":[],"event_selector":[{"data_resource":[{"values":[false]}]}],"insight_selector":[],"tags":{},"tags_all":{}}},{"address":"aws_cloudwatch_log_group.vpc_flow_log[0]","mode":"managed","type":"aws_cloudwatch_log_group","name":"vpc_flow_log","index":0,"provider_name":"registry.terraform.io/hashicorp/aws","schema_version":0,"values":{"kms_key_id":null,"name":"/aws/vpc/flowlogs/secure-example-dev","retention_in_days":30,"skip_destroy":false,"tags":{"Name":"secure-example-dev-vpc-flow-log-group"},"tags_all":{"Environment":"dev","ManagedBy":"terraform","Name":"secure-example-dev-vpc-flow-log-group","Project":"secure-example"}},"sensitive_values":{"tags":{},"tags_all":{}}},{"address":"aws_default_security_group.default","mode":"managed","type":"aws_default_security_group","name":"default","provider_name":"registry.terraform.io/hashicorp/aws","schema_version":1,"values":{"revoke_rules_on_delete":false,"tags":{"Name":"secure-example-dev-default-sg"},"tags_all":{"Environment":"dev","ManagedBy":"terraform","Name":"secure-example-dev-default-sg","Project":"secure-example"}},"sensitive_values":{"egress":[],"ingress":[],"tags":{},"tags_all":{}}},{"address":"aws_eip.nat","mode":"managed","type":"aws_eip","name":"nat","provider_name":"registry.terraform.io/hashicorp/aws","schema_version":0,"values":{"address":null,"associate_with_private_ip":null,"customer_owned_ipv4_pool":null,"domain":"vpc","tags":{"Name":"secure-example-dev-nat-eip"},"tags_all":{"Environment":"dev","ManagedBy":"terraform","Name":"secure-example-dev-nat-eip","Project":"secure-example"},"timeouts":null},"sensitive_values":{"tags":{},"tags_all":{}}},{"address":"aws_flow_log.vpc_flow_log[0]","mode":"managed","type":"aws_flow_log","name":"vpc_flow_log","index":0,"provider_name":"registry.terraform.io/hashicorp/aws","schema_version":0,"values":{"deliver_cross_account_role":null,"destination_options":[],"eni_id":null,"log_destination_type":"cloud-watch-logs","max_aggregation_interval":600,"subnet_id":null,"tags":{"Name":"secure-example-dev-vpc-flow-log"},"tags_all":{"Environment":"dev","ManagedBy":"terraform","Name":"secure-example-dev-vpc-flow-log","Project":"secure-example"},"traffic_type":"ALL","transit_gateway_attachment_id":null,"transit_gateway_id":null},"sensitive_values":{"destination_options":[],"tags":{},"tags_all":{}}},{"address":"aws_iam_instance_profile.ec2_profile","mode":"managed","type":"aws_iam_instance_profile","name":"ec2_profile","provider_name":"registry.terraform.io/hashicorp/aws","schema_version":0,"values":{"name_prefix":"secure-example-dev-ec2-profile-","path":"/","tags":{"Name":"secure-example-dev-ec2-profile"},"tags_all":{"Environment":"dev","ManagedBy":"terraform","Name":"secure-example-dev-ec2-profile","Project":"secure-example"}},"sensitive_values":{"tags":{},"tags_all":{}}},{"address":"aws_iam_policy.ec2_policy","mode":"managed","type":"aws_iam_policy","name":"ec2_policy","provider_name":"registry.terraform.io/hashicorp/aws","schema_version":0,"values":{"description":"Policy for EC2 instances with specific permissions","name_prefix":"secure-example-dev-ec2-policy-","path":"/","tags":{"Name":"secure-example-dev-ec2-policy"},"tags_all":{"Environment":"dev","ManagedBy":"terraform","Name":"secure-example-dev-ec2-policy","Project":"secure-example"}},"sensitive_values":{"tags":{},"tags_all":{}}},{"address":"aws_iam_role.ec2_role","mode":"managed","type":"aws_iam_role","name":"ec2_role","provider_name":"registry.terraform.io/hashicorp/aws","schema_version":0,"values":{"assume_role_policy":"{\"Statement\":[{\"Action\":\"sts:AssumeRole\",\"Effect\":\"Allow\",\"Principal\":{\"Service\":\"ec2.amazonaws.com\"}}],\"Version\":\"2012-10-17\"}","description":null,"force_detach_policies":false,"max_session_duration":3600,"name_prefix":"secure-example-dev-ec2-role-","path":"/","permissions_boundary":null,"tags":{"Name":"secure-example-dev-ec2-role"},"tags_all":{"Environment":"dev","ManagedBy":"terraform","Name":"secure-example-dev-ec2-role","Project":"secure-example"}},"sensitive_values":{"inline_policy":[],"managed_policy_arns":[],"tags":{},"tags_all":{}}},{"address":"aws_iam_role.flow_log_role[0]","mode":"managed","type":"aws_iam_role","name":"flow_log_role","index":0,"provider_name":"registry.terraform.io/hashicorp/aws","schema_version":0,"values":{"assume_role_policy":"{\"Statement\":[{\"Action\":\"sts:AssumeRole\",\"Effect\":\"Allow\",\"Principal\":{\"Service\":\"vpc-flow-logs.amazonaws.com\"}}],\"Version\":\"2012-10-17\"}","description":null,"force_detach_policies":false,"max_session_duration":3600,"name_prefix":"secure-example-dev-flow-log-role-","path":"/","permissions_boundary":null,"tags":{"Name":"secure-example-dev-flow-log-role"},"tags_all":{"Environment":"dev","ManagedBy":"terraform","Name":"secure-example-dev-flow-log-role","Project":"secure-example"}},"sensitive_values":{"inline_policy":[],"managed_policy_arns":[],"tags":{},"tags_all":{}}},{"address":"aws_iam_role_policy.flow_log_policy[0]","mode":"managed","type":"aws_iam_role_policy","name":"flow_log_policy","index":0,"provider_name":"registry.terraform.io/hashicorp/aws","schema_version":0,"values":{"name_prefix":"secure-example-dev-flow-log-policy-","policy":"{\"Version\":\"2012-10-17\",\"Statement\":[{\"Action\":[\"logs:CreateLogGroup\",\"logs:CreateLogStream\",\"logs:PutLogEvents\",\"logs:DescribeLogGroups\",\"logs:DescribeLogStreams\"],\"Effect\":\"Allow\",\"Resource\":\"*\"}]}"},"sensitive_values":{}},{"address":"aws_iam_role_policy_attachment.ec2_policy_attachment","mode":"managed","type":"aws_iam_role_policy_attachment","name":"ec2_policy_attachment","provider_name":"registry.terraform.io/hashicorp/aws","schema_version":0,"sensitive_values":{}},{"address":"aws_internet_gateway.main","mode":"managed","type":"aws_internet_gateway","name":"main","provider_name":"registry.terraform.io/hashicorp/aws","schema_version":0,"values":{"tags":{"Name":"secure-example-dev-igw"},"tags_all":{"Environment":"dev","ManagedBy":"terraform","Name":"secure-example-dev-igw","Project":"secure-example"},"timeouts":null},"sensitive_values":{"tags":{},"tags_all":{}}},{"address":"aws_nat_gateway.main","mode":"managed","type":"aws_nat_gateway","name":"main","provider_name":"registry.terraform.io/hashicorp/aws","schema_version":0,"values":{"connectivity_type":"public","secondary_allocation_ids":null,"tags":{"Name":"secure-example-dev-nat-gateway"},"tags_all":{"Environment":"dev","ManagedBy":"terraform","Name":"secure-example-dev-nat-gateway","Project":"secure-example"},"timeouts":null},"sensitive_values":{"secondary_private_ip_addresses":[],"tags":{},"tags_all":{}}},{"address":"aws_route_table.private","mode":"managed","type":"aws_route_table","name":"private","provider_name":"registry.terraform.io/hashicorp/aws","schema_version":0,"values":{"route":[{"carrier_gateway_id":"","cidr_block":"0.0.0.0/0","core_network_arn":"","destination_prefix_list_id":"","egress_only_gateway_id":"","gateway_id":"","ipv6_cidr_block":"","local_gateway_id":"","network_interface_id":"","transit_gateway_id":"","vpc_endpoint_id":"","vpc_peering_connection_id":""}],"tags":{"Name":"secure-example-dev-private-rt"},"tags_all":{"Environment":"dev","ManagedBy":"terraform","Name":"secure-example-dev-private-rt","Project":"secure-example"},"timeouts":null},"sensitive_values":{"propagating_vgws":[],"route":[{}],"tags":{},"tags_all":{}}},{"address":"aws_route_table.public","mode":"managed","type":"aws_route_table","name":"public","provider_name":"registry.terraform.io/hashicorp/aws","schema_version":0,"values":{"route":[{"carrier_gateway_id":"","cidr_block":"0.0.0.0/0","core_network_arn":"","destination_prefix_list_id":"","egress_only_gateway_id":"","ipv6_cidr_block":"","local_gateway_id":"","nat_gateway_id":"","network_interface_id":"","transit_gateway_id":"","vpc_endpoint_id":"","vpc_peering_connection_id":""}],"tags":{"Name":"secure-example-dev-public-rt"},"tags_all":{"Environment":"dev","ManagedBy":"terraform","Name":"secure-example-dev-public-rt","Project":"secure-example"},"timeouts":null},"sensitive_values":{"propagating_vgws":[],"route":[{}],"tags":{},"tags_all":{}}},{"address":"aws_route_table_association.private","mode":"managed","type":"aws_route_table_association","name":"private","provider_name":"registry.terraform.io/hashicorp/aws","schema_version":0,"values":{"gateway_id":null,"timeouts":null},"sensitive_values":{}},{"address":"aws_route_table_association.public","mode":"managed","type":"aws_route_table_association","name":"public","provider_name":"registry.terraform.io/hashicorp/aws","schema_version":0,"values":{"gateway_id":null,"timeouts":null},"sensitive_values":{}},{"address":"aws_s3_bucket.access_logs","mode":"managed","type":"aws_s3_bucket","name":"access_logs","provider_name":"registry.terraform.io/hashicorp/aws","schema_version":0,"values":{"force_destroy":false,"tags":{"Environment":"dev","Name":"secure-example-dev-access-logs-bucket"},"tags_all":{"Environment":"dev","ManagedBy":"terraform","Name":"secure-example-dev-access-logs-bucket","Project":"secure-example"},"timeouts":null},"sensitive_values":{"cors_rule":[],"grant":[],"lifecycle_rule":[],"logging":[],"object_lock_configuration":[],"replication_configuration":[],"server_side_encryption_configuration":[],"tags":{},"tags_all":{},"versioning":[],"website":[]}},{"address":"aws_s3_bucket.cloudtrail_bucket[0]","mode":"managed","type":"aws_s3_bucket","name":"cloudtrail_bucket","index":0,"provider_name":"registry.terraform.io/hashicorp/aws","schema_version":0,"values":{"force_destroy":true,"tags":{"Name":"secure-example-dev-cloudtrail-bucket"},"tags_all":{"Environment":"dev","ManagedBy":"terraform","Name":"secure-example-dev-cloudtrail-bucket","Project":"secure-example"},"timeouts":null},"sensitive_values":{"cors_rule":[],"grant":[],"lifecycle_rule":[],"logging":[],"object_lock_configuration":[],"replication_configuration":[],"server_side_encryption_configuration":[],"tags":{},"tags_all":{},"versioning":[],"website":[]}},{"address":"aws_s3_bucket.secure_bucket","mode":"managed","type":"aws_s3_bucket","name":"secure_bucket","provider_name":"registry.terraform.io/hashicorp/aws","schema_version":0,"values":{"force_destroy":false,"tags":{"Environment":"dev","Name":"secure-example-dev-secure-bucket"},"tags_all":{"Environment":"dev","ManagedBy":"terraform","Name":"secure-example-dev-secure-bucket","Project":"secure-example"},"timeouts":null},"sensitive_values":{"cors_rule":[],"grant":[],"lifecycle_rule":[],"logging":[],"object_lock_configuration":[],"replication_configuration":[],"server_side_encryption_configuration":[],"tags":{},"tags_all":{},"versioning":[],"website":[]}},{"address":"aws_s3_bucket_logging.secure_bucket","mode":"managed","type":"aws_s3_bucket_logging","name":"secure_bucket","provider_name":"registry.terraform.io/hashicorp/aws","schema_version":0,"values":{"expected_bucket_owner":null,"target_grant":[],"target_object_key_format":[],"target_prefix":"access-logs/"},"sensitive_values":{"target_grant":[],"target_object_key_format":[]}},{"address":"aws_s3_bucket_policy.cloudtrail_bucket_policy[0]","mode":"managed","type":"aws_s3_bucket_policy","name":"cloudtrail_bucket_policy","index":0,"provider_name":"registry.terraform.io/hashicorp/aws","schema_version":0,"sensitive_values":{}},{"address":"aws_s3_bucket_public_access_block.access_logs","mode":"managed","type":"aws_s3_bucket_public_access_block","name":"access_logs","provider_name":"registry.terraform.io/hashicorp/aws","schema_version":0,"values":{"block_public_acls":true,"block_public_policy":true,"ignore_public_acls":true,"restrict_public_buckets":true},"sensitive_values":{}},{"address":"aws_s3_bucket_public_access_block.cloudtrail_bucket[0]","mode":"managed","type":"aws_s3_bucket_public_access_block","name":"cloudtrail_bucket","index":0,"provider_name":"registry.terraform.io/hashicorp/aws","schema_version":0,"values":{"block_public_acls":true,"block_public_policy":true,"ignore_public_acls":true,"restrict_public_buckets":true},"sensitive_values":{}},{"address":"aws_s3_bucket_public_access_block.secure_bucket","mode":"managed","type":"aws_s3_bucket_public_access_block","name":"secure_bucket","provider_name":"registry.terraform.io/hashicorp/aws","schema_version":0,"values":{"block_public_acls":true,"block_public_policy":true,"ignore_public_acls":true,"restrict_public_buckets":true},"sensitive_values":{}},{"address":"aws_s3_bucket_server_side_encryption_configuration.access_logs","mode":"managed","type":"aws_s3_bucket_server_side_encryption_configuration","name":"access_logs","provider_name":"registry.terraform.io/hashicorp/aws","schema_version":0,"values":{"expected_bucket_owner":null,"rule":[{"apply_server_side_encryption_by_default":[{"kms_master_key_id":"","sse_algorithm":"AES256"}],"bucket_key_enabled":null}]},"sensitive_values":{"rule":[{"apply_server_side_encryption_by_default":[{}]}]}},{"address":"aws_s3_bucket_server_side_encryption_configuration.cloudtrail_bucket[0]","mode":"managed","type":"aws_s3_bucket_server_side_encryption_configuration","name":"cloudtrail_bucket","index":0,"provider_name":"registry.terraform.io/hashicorp/aws","schema_version":0,"values":{"expected_bucket_owner":null,"rule":[{"apply_server_side_encryption_by_default":[{"kms_master_key_id":"","sse_algorithm":"AES256"}],"bucket_key_enabled":null}]},"sensitive_values":{"rule":[{"apply_server_side_encryption_by_default":[{}]}]}},{"address":"aws_s3_bucket_server_side_encryption_configuration.secure_bucket","mode":"managed","type":"aws_s3_bucket_server_side_encryption_configuration","name":"secure_bucket","provider_name":"registry.terraform.io/hashicorp/aws","schema_version":0,"values":{"expected_bucket_owner":null,"rule":[{"apply_server_side_encryption_by_default":[{"kms_master_key_id":"","sse_algorithm":"AES256"}],"bucket_key_enabled":true}]},"sensitive_values":{"rule":[{"apply_server_side_encryption_by_default":[{}]}]}},{"address":"aws_s3_bucket_versioning.secure_bucket","mode":"managed","type":"aws_s3_bucket_versioning","name":"secure_bucket","provider_name":"registry.terraform.io/hashicorp/aws","schema_version":0,"values":{"expected_bucket_owner":null,"mfa":null,"versioning_configuration":[{"status":"Enabled"}]},"sensitive_values":{"versioning_configuration":[{}]}},{"address":"aws_security_group.database","mode":"managed","type":"aws_security_group","name":"database","provider_name":"registry.terraform.io/hashicorp/aws","schema_version":1,"values":{"description":"Security group for database servers","name_prefix":"secure-example-dev-db-","revoke_rules_on_delete":false,"tags":{"Name":"secure-example-dev-database-sg"},"tags_all":{"Environment":"dev","ManagedBy":"terraform","Name":"secure-example-dev-database-sg","Project":"secure-example"},"timeouts":null},"sensitive_values":{"egress":[],"ingress":[],"tags":{},"tags_all":{}}},{"address":"aws_security_group.web","mode":"managed","type":"aws_security_group","name":"web","provider_name":"registry.terraform.io/hashicorp/aws","schema_version":1,"values":{"description":"Security group for web servers","name_prefix":"secure-example-dev-web-","revoke_rules_on_delete":false,"tags":{"Name":"secure-example-dev-web-sg"},"tags_all":{"Environment":"dev","ManagedBy":"terraform","Name":"secure-example-dev-web-sg","Project":"secure-example"},"timeouts":null},"sensitive_values":{"egress":[],"ingress":[],"tags":{},"tags_all":{}}},{"address":"aws_security_group_rule.db_mysql","mode":"managed","type":"aws_security_group_rule","name":"db_mysql","provider_name":"registry.terraform.io/hashicorp/aws","schema_version":2,"values":{"cidr_blocks":null,"description":"MySQL access from web servers","from_port":3306,"ipv6_cidr_blocks":null,"prefix_list_ids":null,"protocol":"tcp","self":false,"timeouts":null,"to_port":3306,"type":"ingress"},"sensitive_values":{}},{"address":"aws_security_group_rule.web_egress_http","mode":"managed","type":"aws_security_group_rule","name":"web_egress_http","provider_name":"registry.terraform.io/hashicorp/aws","schema_version":2,"values":{"cidr_blocks":["0.0.0.0/0"],"description":"HTTP egress","from_port":80,"ipv6_cidr_blocks":null,"prefix_list_ids":null,"protocol":"tcp","self":false,"timeouts":null,"to_port":80,"type":"egress"},"sensitive_values":{"cidr_blocks":[false]}},{"address":"aws_security_group_rule.web_egress_https","mode":"managed","type":"aws_security_group_rule","name":"web_egress_https","provider_name":"registry.terraform.io/hashicorp/aws","schema_version":2,"values":{"cidr_blocks":["0.0.0.0/0"],"description":"HTTPS egress","from_port":443,"ipv6_cidr_blocks":null,"prefix_list_ids":null,"protocol":"tcp","self":false,"timeouts":null,"to_port":443,"type":"egress"},"sensitive_values":{"cidr_blocks":[false]}},{"address":"aws_security_group_rule.web_http","mode":"managed","type":"aws_security_group_rule","name":"web_http","provider_name":"registry.terraform.io/hashicorp/aws","schema_version":2,"values":{"cidr_blocks":["0.0.0.0/0"],"description":"HTTP access from anywhere","from_port":80,"ipv6_cidr_blocks":null,"prefix_list_ids":null,"protocol":"tcp","self":false,"timeouts":null,"to_port":80,"type":"ingress"},"sensitive_values":{"cidr_blocks":[false]}},{"address":"aws_security_group_rule.web_https","mode":"managed","type":"aws_security_group_rule","name":"web_https","provider_name":"registry.terraform.io/hashicorp/aws","schema_version":2,"values":{"cidr_blocks":["0.0.0.0/0"],"description":"HTTPS access from anywhere","from_port":443,"ipv6_cidr_blocks":null,"prefix_list_ids":null,"protocol":"tcp","self":false,"timeouts":null,"to_port":443,"type":"ingress"},"sensitive_values":{"cidr_blocks":[false]}},{"address":"aws_security_group_rule.web_ssh","mode":"managed","type":"aws_security_group_rule","name":"web_ssh","provider_name":"registry.terraform.io/hashicorp/aws","schema_version":2,"values":{"cidr_blocks":["203.0.113.0/24"],"description":"SSH access from allowed CIDR","from_port":22,"ipv6_cidr_blocks":null,"prefix_list_ids":null,"protocol":"tcp","self":false,"timeouts":null,"to_port":22,"type":"ingress"},"sensitive_values":{"cidr_blocks":[false]}},{"address":"aws_subnet.private","mode":"managed","type":"aws_subnet","name":"private","provider_name":"registry.terraform.io/hashicorp/aws","schema_version":1,"values":{"assign_ipv6_address_on_creation":false,"availability_zone":"us-east-1b","cidr_block":"10.0.2.0/24","customer_owned_ipv4_pool":null,"enable_dns64":false,"enable_lni_at_device_index":null,"enable_resource_name_dns_a_record_on_launch":false,"enable_resource_name_dns_aaaa_record_on_launch":false,"ipv6_cidr_block":null,"ipv6_native":false,"map_customer_owned_ip_on_launch":null,"map_public_ip_on_launch":false,"outpost_arn":null,"tags":{"Name":"secure-example-dev-private-subnet","Type":"Private"},"tags_all":{"Environment":"dev","ManagedBy":"terraform","Name":"secure-example-dev-private-subnet","Project":"secure-example","Type":"Private"},"timeouts":null},"sensitive_values":{"tags":{},"tags_all":{}}},{"address":"aws_subnet.public","mode":"managed","type":"aws_subnet","name":"public","provider_name":"registry.terraform.io/hashicorp/aws","schema_version":1,"values":{"assign_ipv6_address_on_creation":false,"availability_zone":"us-east-1a","cidr_block":"10.0.1.0/24","customer_owned_ipv4_pool":null,"enable_dns64":false,"enable_lni_at_device_index":null,"enable_resource_name_dns_a_record_on_launch":false,"enable_resource_name_dns_aaaa_record_on_launch":false,"ipv6_cidr_block":null,"ipv6_native":false,"map_customer_owned_ip_on_launch":null,"map_public_ip_on_launch":false,"outpost_arn":null,"tags":{"Name":"secure-example-dev-public-subnet","Type":"Public"},"tags_all":{"Environment":"dev","ManagedBy":"terraform","Name":"secure-example-dev-public-subnet","Project":"secure-example","Type":"Public"},"timeouts":null},"sensitive_values":{"tags":{},"tags_all":{}}},{"address":"aws_vpc.main","mode":"managed","type":"aws_vpc","name":"main","provider_name":"registry.terraform.io/hashicorp/aws","schema_version":1,"values":{"assign_generated_ipv6_cidr_block":null,"cidr_block":"10.0.0.0/16","enable_dns_hostnames":true,"enable_dns_support":true,"instance_tenancy":"default","ipv4_ipam_pool_id":null,"ipv4_netmask_length":null,"ipv6_ipam_pool_id":null,"ipv6_netmask_length":null,"tags":{"Name":"secure-example-dev-vpc"},"tags_all":{"Environment":"dev","ManagedBy":"terraform","Name":"secure-example-dev-vpc","Project":"secure-example"}},"sensitive_values":{"tags":{},"tags_all":{}}},{"address":"random_id.suffix","mode":"managed","type":"random_id","name":"suffix","provider_name":"registry.terraform.io/hashicorp/random","schema_version":0,"values":{"byte_length":4,"keepers":null,"prefix":null},"sensitive_values":{}}]}},"resource_changes":[{"address":"aws_cloudtrail.main[0]","mode":"managed","type":"aws_cloudtrail","name":"main","index":0,"provider_name":"registry.terraform.io/hashicorp/aws","change":{"actions":["create"],"before":null,"after":{"advanced_event_selector":[],"cloud_watch_logs_group_arn":null,"cloud_watch_logs_role_arn":null,"enable_log_file_validation":false,"enable_logging":true,"event_selector":[{"data_resource":[{"type":"AWS::S3::Object","values":["arn:aws:s3:::*/*"]}],"exclude_management_event_sources":null,"include_management_events":true,"read_write_type":"All"}],"include_global_service_events":true,"insight_selector":[],"is_multi_region_trail":false,"is_organization_trail":false,"kms_key_id":null,"name":"secure-example-dev-cloudtrail","s3_key_prefix":null,"sns_topic_name":null,"tags":{"Name":"secure-example-dev-cloudtrail"},"tags_all":{"Environment":"dev","ManagedBy":"terraform","Name":"secure-example-dev-cloudtrail","Project":"secure-example"}},"after_unknown":{"advanced_event_selector":[],"arn":true,"event_selector":[{"data_resource":[{"values":[false]}]}],"home_region":true,"id":true,"insight_selector":[],"s3_bucket_name":true,"sns_topic_arn":true,"tags":{},"tags_all":{}},"before_sensitive":false,"after_sensitive":{"advanced_event_selector":[],"event_selector":[{"data_resource":[{"values":[false]}]}],"insight_selector":[],"tags":{},"tags_all":{}}}},{"address":"aws_cloudwatch_log_group.vpc_flow_log[0]","mode":"managed","type":"aws_cloudwatch_log_group","name":"vpc_flow_log","index":0,"provider_name":"registry.terraform.io/hashicorp/aws","change":{"actions":["create"],"before":null,"after":{"kms_key_id":null,"name":"/aws/vpc/flowlogs/secure-example-dev","retention_in_days":30,"skip_destroy":false,"tags":{"Name":"secure-example-dev-vpc-flow-log-group"},"tags_all":{"Environment":"dev","ManagedBy":"terraform","Name":"secure-example-dev-vpc-flow-log-group","Project":"secure-example"}},"after_unknown":{"arn":true,"id":true,"log_group_class":true,"name_prefix":true,"tags":{},"tags_all":{}},"before_sensitive":false,"after_sensitive":{"tags":{},"tags_all":{}}}},{"address":"aws_default_security_group.default","mode":"managed","type":"aws_default_security_group","name":"default","provider_name":"registry.terraform.io/hashicorp/aws","change":{"actions":["create"],"before":null,"after":{"revoke_rules_on_delete":false,"tags":{"Name":"secure-example-dev-default-sg"},"tags_all":{"Environment":"dev","ManagedBy":"terraform","Name":"secure-example-dev-default-sg","Project":"secure-example"}},"after_unknown":{"arn":true,"description":true,"egress":true,"id":true,"ingress":true,"name":true,"name_prefix":true,"owner_id":true,"tags":{},"tags_all":{},"vpc_id":true},"before_sensitive":false,"after_sensitive":{"egress":[],"ingress":[],"tags":{},"tags_all":{}}}},{"address":"aws_eip.nat","mode":"managed","type":"aws_eip","name":"nat","provider_name":"registry.terraform.io/hashicorp/aws","change":{"actions":["create"],"before":null,"after":{"address":null,"associate_with_private_ip":null,"customer_owned_ipv4_pool":null,"domain":"vpc","tags":{"Name":"secure-example-dev-nat-eip"},"tags_all":{"Environment":"dev","ManagedBy":"terraform","Name":"secure-example-dev-nat-eip","Project":"secure-example"},"timeouts":null},"after_unknown":{"allocation_id":true,"arn":true,"association_id":true,"carrier_ip":true,"customer_owned_ip":true,"id":true,"instance":true,"ipam_pool_id":true,"network_border_group":true,"network_interface":true,"private_dns":true,"private_ip":true,"ptr_record":true,"public_dns":true,"public_ip":true,"public_ipv4_pool":true,"tags":{},"tags_all":{},"vpc":true},"before_sensitive":false,"after_sensitive":{"tags":{},"tags_all":{}}}},{"address":"aws_flow_log.vpc_flow_log[0]","mode":"managed","type":"aws_flow_log","name":"vpc_flow_log","index":0,"provider_name":"registry.terraform.io/hashicorp/aws","change":{"actions":["create"],"before":null,"after":{"deliver_cross_account_role":null,"destination_options":[],"eni_id":null,"log_destination_type":"cloud-watch-logs","max_aggregation_interval":600,"subnet_id":null,"tags":{"Name":"secure-example-dev-vpc-flow-log"},"tags_all":{"Environment":"dev","ManagedBy":"terraform","Name":"secure-example-dev-vpc-flow-log","Project":"secure-example"},"traffic_type":"ALL","transit_gateway_attachment_id":null,"transit_gateway_id":null},"after_unknown":{"arn":true,"destination_options":[],"iam_role_arn":true,"id":true,"log_destination":true,"log_format":true,"log_group_name":true,"tags":{},"tags_all":{},"vpc_id":true},"before_sensitive":false,"after_sensitive":{"destination_options":[],"tags":{},"tags_all":{}}}},{"address":"aws_iam_instance_profile.ec2_profile","mode":"managed","type":"aws_iam_instance_profile","name":"ec2_profile","provider_name":"registry.terraform.io/hashicorp/aws","change":{"actions":["create"],"before":null,"after":{"name_prefix":"secure-example-dev-ec2-profile-","path":"/","tags":{"Name":"secure-example-dev-ec2-profile"},"tags_all":{"Environment":"dev","ManagedBy":"terraform","Name":"secure-example-dev-ec2-profile","Project":"secure-example"}},"after_unknown":{"arn":true,"create_date":true,"id":true,"name":true,"role":true,"tags":{},"tags_all":{},"unique_id":true},"before_sensitive":false,"after_sensitive":{"tags":{},"tags_all":{}}}},{"address":"aws_iam_policy.ec2_policy","mode":"managed","type":"aws_iam_policy","name":"ec2_policy","provider_name":"registry.terraform.io/hashicorp/aws","change":{"actions":["create"],"before":null,"after":{"description":"Policy for EC2 instances with specific permissions","name_prefix":"secure-example-dev-ec2-policy-","path":"/","tags":{"Name":"secure-example-dev-ec2-policy"},"tags_all":{"Environment":"dev","ManagedBy":"terraform","Name":"secure-example-dev-ec2-policy","Project":"secure-example"}},"after_unknown":{"arn":true,"attachment_count":true,"id":true,"name":true,"policy":true,"policy_id":true,"tags":{},"tags_all":{}},"before_sensitive":false,"after_sensitive":{"tags":{},"tags_all":{}}}},{"address":"aws_iam_role.ec2_role","mode":"managed","type":"aws_iam_role","name":"ec2_role","provider_name":"registry.terraform.io/hashicorp/aws","change":{"actions":["create"],"before":null,"after":{"assume_role_policy":"{\"Statement\":[{\"Action\":\"sts:AssumeRole\",\"Effect\":\"Allow\",\"Principal\":{\"Service\":\"ec2.amazonaws.com\"}}],\"Version\":\"2012-10-17\"}","description":null,"force_detach_policies":false,"max_session_duration":3600,"name_prefix":"secure-example-dev-ec2-role-","path":"/","permissions_boundary":null,"tags":{"Name":"secure-example-dev-ec2-role"},"tags_all":{"Environment":"dev","ManagedBy":"terraform","Name":"secure-example-dev-ec2-role","Project":"secure-example"}},"after_unknown":{"arn":true,"create_date":true,"id":true,"inline_policy":true,"managed_policy_arns":true,"name":true,"tags":{},"tags_all":{},"unique_id":true},"before_sensitive":false,"after_sensitive":{"inline_policy":[],"managed_policy_arns":[],"tags":{},"tags_all":{}}}},{"address":"aws_iam_role.flow_log_role[0]","mode":"managed","type":"aws_iam_role","name":"flow_log_role","index":0,"provider_name":"registry.terraform.io/hashicorp/aws","change":{"actions":["create"],"before":null,"after":{"assume_role_policy":"{\"Statement\":[{\"Action\":\"sts:AssumeRole\",\"Effect\":\"Allow\",\"Principal\":{\"Service\":\"vpc-flow-logs.amazonaws.com\"}}],\"Version\":\"2012-10-17\"}","description":null,"force_detach_policies":false,"max_session_duration":3600,"name_prefix":"secure-example-dev-flow-log-role-","path":"/","permissions_boundary":null,"tags":{"Name":"secure-example-dev-flow-log-role"},"tags_all":{"Environment":"dev","ManagedBy":"terraform","Name":"secure-example-dev-flow-log-role","Project":"secure-example"}},"after_unknown":{"arn":true,"create_date":true,"id":true,"inline_policy":true,"managed_policy_arns":true,"name":true,"tags":{},"tags_all":{},"unique_id":true},"before_sensitive":false,"after_sensitive":{"inline_policy":[],"managed_policy_arns":[],"tags":{},"tags_all":{}}}},{"address":"aws_iam_role_policy.flow_log_policy[0]","mode":"managed","type":"aws_iam_role_policy","name":"flow_log_policy","index":0,"provider_name":"registry.terraform.io/hashicorp/aws","change":{"actions":["create"],"before":null,"after":{"name_prefix":"secure-example-dev-flow-log-policy-","policy":"{\"Version\":\"2012-10-17\",\"Statement\":[{\"Action\":[\"logs:CreateLogGroup\",\"logs:CreateLogStream\",\"logs:PutLogEvents\",\"logs:DescribeLogGroups\",\"logs:DescribeLogStreams\"],\"Effect\":\"Allow\",\"Resource\":\"*\"}]}"},"after_unknown":{"id":true,"name":true,"role":true},"before_sensitive":false,"after_sensitive":{}}},{"address":"aws_iam_role_policy_attachment.ec2_policy_attachment","mode":"managed","type":"aws_iam_role_policy_attachment","name":"ec2_policy_attachment","provider_name":"registry.terraform.io/hashicorp/aws","change":{"actions":["create"],"before":null,"after":{},"after_unknown":{"id":true,"policy_arn":true,"role":true},"before_sensitive":false,"after_sensitive":{}}},{"address":"aws_internet_gateway.main","mode":"managed","type":"aws_internet_gateway","name":"main","provider_name":"registry.terraform.io/hashicorp/aws","change":{"actions":["create"],"before":null,"after":{"tags":{"Name":"secure-example-dev-igw"},"tags_all":{"Environment":"dev","ManagedBy":"terraform","Name":"secure-example-dev-igw","Project":"secure-example"},"timeouts":null},"after_unknown":{"arn":true,"id":true,"owner_id":true,"tags":{},"tags_all":{},"vpc_id":true},"before_sensitive":false,"after_sensitive":{"tags":{},"tags_all":{}}}},{"address":"aws_nat_gateway.main","mode":"managed","type":"aws_nat_gateway","name":"main","provider_name":"registry.terraform.io/hashicorp/aws","change":{"actions":["create"],"before":null,"after":{"connectivity_type":"public","secondary_allocation_ids":null,"tags":{"Name":"secure-example-dev-nat-gateway"},"tags_all":{"Environment":"dev","ManagedBy":"terraform","Name":"secure-example-dev-nat-gateway","Project":"secure-example"},"timeouts":null},"after_unknown":{"allocation_id":true,"association_id":true,"id":true,"network_interface_id":true,"private_ip":true,"public_ip":true,"secondary_private_ip_address_count":true,"secondary_private_ip_addresses":true,"subnet_id":true,"tags":{},"tags_all":{}},"before_sensitive":false,"after_sensitive":{"secondary_private_ip_addresses":[],"tags":{},"tags_all":{}}}},{"address":"aws_route_table.private","mode":"managed","type":"aws_route_table","name":"private","provider_name":"registry.terraform.io/hashicorp/aws","change":{"actions":["create"],"before":null,"after":{"route":[{"carrier_gateway_id":"","cidr_block":"0.0.0.0/0","core_network_arn":"","destination_prefix_list_id":"","egress_only_gateway_id":"","gateway_id":"","ipv6_cidr_block":"","local_gateway_id":"","network_interface_id":"","transit_gateway_id":"","vpc_endpoint_id":"","vpc_peering_connection_id":""}],"tags":{"Name":"secure-example-dev-private-rt"},"tags_all":{"Environment":"dev","ManagedBy":"terraform","Name":"secure-example-dev-private-rt","Project":"secure-example"},"timeouts":null},"after_unknown":{"arn":true,"id":true,"owner_id":true,"propagating_vgws":true,"route":[{"nat_gateway_id":true}],"tags":{},"tags_all":{},"vpc_id":true},"before_sensitive":false,"after_sensitive":{"propagating_vgws":[],"route":[{}],"tags":{},"tags_all":{}}}},{"address":"aws_route_table.public","mode":"managed","type":"aws_route_table","name":"public","provider_name":"registry.terraform.io/hashicorp/aws","change":{"actions":["create"],"before":null,"after":{"route":[{"carrier_gateway_id":"","cidr_block":"0.0.0.0/0","core_network_arn":"","destination_prefix_list_id":"","egress_only_gateway_id":"","ipv6_cidr_block":"","local_gateway_id":"","nat_gateway_id":"","network_interface_id":"","transit_gateway_id":"","vpc_endpoint_id":"","vpc_peering_connection_id":""}],"tags":{"Name":"secure-example-dev-public-rt"},"tags_all":{"Environment":"dev","ManagedBy":"terraform","Name":"secure-example-dev-public-rt","Project":"secure-example"},"timeouts":null},"after_unknown":{"arn":true,"id":true,"owner_id":true,"propagating_vgws":true,"route":[{"gateway_id":true}],"tags":{},"tags_all":{},"vpc_id":true},"before_sensitive":false,"after_sensitive":{"propagating_vgws":[],"route":[{}],"tags":{},"tags_all":{}}}},{"address":"aws_route_table_association.private","mode":"managed","type":"aws_route_table_association","name":"private","provider_name":"registry.terraform.io/hashicorp/aws","change":{"actions":["create"],"before":null,"after":{"gateway_id":null,"timeouts":null},"after_unknown":{"id":true,"route_table_id":true,"subnet_id":true},"before_sensitive":false,"after_sensitive":{}}},{"address":"aws_route_table_association.public","mode":"managed","type":"aws_route_table_association","name":"public","provider_name":"registry.terraform.io/hashicorp/aws","change":{"actions":["create"],"before":null,"after":{"gateway_id":null,"timeouts":null},"after_unknown":{"id":true,"route_table_id":true,"subnet_id":true},"before_sensitive":false,"after_sensitive":{}}},{"address":"aws_s3_bucket.access_logs","mode":"managed","type":"aws_s3_bucket","name":"access_logs","provider_name":"registry.terraform.io/hashicorp/aws","change":{"actions":["create"],"before":null,"after":{"force_destroy":false,"tags":{"Environment":"dev","Name":"secure-example-dev-access-logs-bucket"},"tags_all":{"Environment":"dev","ManagedBy":"terraform","Name":"secure-example-dev-access-logs-bucket","Project":"secure-example"},"timeouts":null},"after_unknown":{"acceleration_status":true,"acl":true,"arn":true,"bucket":true,"bucket_domain_name":true,"bucket_prefix":true,"bucket_regional_domain_name":true,"cors_rule":true,"grant":true,"hosted_zone_id":true,"id":true,"lifecycle_rule":true,"logging":true,"object_lock_configuration":true,"object_lock_enabled":true,"policy":true,"region":true,"replication_configuration":true,"request_payer":true,"server_side_encryption_configuration":true,"tags":{},"tags_all":{},"versioning":true,"website":true,"website_domain":true,"website_endpoint":true},"before_sensitive":false,"after_sensitive":{"cors_rule":[],"grant":[],"lifecycle_rule":[],"logging":[],"object_lock_configuration":[],"replication_configuration":[],"server_side_encryption_configuration":[],"tags":{},"tags_all":{},"versioning":[],"website":[]}}},{"address":"aws_s3_bucket.cloudtrail_bucket[0]","mode":"managed","type":"aws_s3_bucket","name":"cloudtrail_bucket","index":0,"provider_name":"registry.terraform.io/hashicorp/aws","change":{"actions":["create"],"before":null,"after":{"force_destroy":true,"tags":{"Name":"secure-example-dev-cloudtrail-bucket"},"tags_all":{"Environment":"dev","ManagedBy":"terraform","Name":"secure-example-dev-cloudtrail-bucket","Project":"secure-example"},"timeouts":null},"after_unknown":{"acceleration_status":true,"acl":true,"arn":true,"bucket":true,"bucket_domain_name":true,"bucket_prefix":true,"bucket_regional_domain_name":true,"cors_rule":true,"grant":true,"hosted_zone_id":true,"id":true,"lifecycle_rule":true,"logging":true,"object_lock_configuration":true,"object_lock_enabled":true,"policy":true,"region":true,"replication_configuration":true,"request_payer":true,"server_side_encryption_configuration":true,"tags":{},"tags_all":{},"versioning":true,"website":true,"website_domain":true,"website_endpoint":true},"before_sensitive":false,"after_sensitive":{"cors_rule":[],"grant":[],"lifecycle_rule":[],"logging":[],"object_lock_configuration":[],"replication_configuration":[],"server_side_encryption_configuration":[],"tags":{},"tags_all":{},"versioning":[],"website":[]}}},{"address":"aws_s3_bucket.secure_bucket","mode":"managed","type":"aws_s3_bucket","name":"secure_bucket","provider_name":"registry.terraform.io/hashicorp/aws","change":{"actions":["create"],"before":null,"after":{"force_destroy":false,"tags":{"Environment":"dev","Name":"secure-example-dev-secure-bucket"},"tags_all":{"Environment":"dev","ManagedBy":"terraform","Name":"secure-example-dev-secure-bucket","Project":"secure-example"},"timeouts":null},"after_unknown":{"acceleration_status":true,"acl":true,"arn":true,"bucket":true,"bucket_domain_name":true,"bucket_prefix":true,"bucket_regional_domain_name":true,"cors_rule":true,"grant":true,"hosted_zone_id":true,"id":true,"lifecycle_rule":true,"logging":true,"object_lock_configuration":true,"object_lock_enabled":true,"policy":true,"region":true,"replication_configuration":true,"request_payer":true,"server_side_encryption_configuration":true,"tags":{},"tags_all":{},"versioning":true,"website":true,"website_domain":true,"website_endpoint":true},"before_sensitive":false,"after_sensitive":{"cors_rule":[],"grant":[],"lifecycle_rule":[],"logging":[],"object_lock_configuration":[],"replication_configuration":[],"server_side_encryption_configuration":[],"tags":{},"tags_all":{},"versioning":[],"website":[]}}},{"address":"aws_s3_bucket_logging.secure_bucket","mode":"managed","type":"aws_s3_bucket_logging","name":"secure_bucket","provider_name":"registry.terraform.io/hashicorp/aws","change":{"actions":["create"],"before":null,"after":{"expected_bucket_owner":null,"target_grant":[],"target_object_key_format":[],"target_prefix":"access-logs/"},"after_unknown":{"bucket":true,"id":true,"target_bucket":true,"target_grant":[],"target_object_key_format":[]},"before_sensitive":false,"after_sensitive":{"target_grant":[],"target_object_key_format":[]}}},{"address":"aws_s3_bucket_policy.cloudtrail_bucket_policy[0]","mode":"managed","type":"aws_s3_bucket_policy","name":"cloudtrail_bucket_policy","index":0,"provider_name":"registry.terraform.io/hashicorp/aws","change":{"actions":["create"],"before":null,"after":{},"after_unknown":{"bucket":true,"id":true,"policy":true},"before_sensitive":false,"after_sensitive":{}}},{"address":"aws_s3_bucket_public_access_block.access_logs","mode":"managed","type":"aws_s3_bucket_public_access_block","name":"access_logs","provider_name":"registry.terraform.io/hashicorp/aws","change":{"actions":["create"],"before":null,"after":{"block_public_acls":true,"block_public_policy":true,"ignore_public_acls":true,"restrict_public_buckets":true},"after_unknown":{"bucket":true,"id":true},"before_sensitive":false,"after_sensitive":{}}},{"address":"aws_s3_bucket_public_access_block.cloudtrail_bucket[0]","mode":"managed","type":"aws_s3_bucket_public_access_block","name":"cloudtrail_bucket","index":0,"provider_name":"registry.terraform.io/hashicorp/aws","change":{"actions":["create"],"before":null,"after":{"block_public_acls":true,"block_public_policy":true,"ignore_public_acls":true,"restrict_public_buckets":true},"after_unknown":{"bucket":true,"id":true},"before_sensitive":false,"after_sensitive":{}}},{"address":"aws_s3_bucket_public_access_block.secure_bucket","mode":"managed","type":"aws_s3_bucket_public_access_block","name":"secure_bucket","provider_name":"registry.terraform.io/hashicorp/aws","change":{"actions":["create"],"before":null,"after":{"block_public_acls":true,"block_public_policy":true,"ignore_public_acls":true,"restrict_public_buckets":true},"after_unknown":{"bucket":true,"id":true},"before_sensitive":false,"after_sensitive":{}}},{"address":"aws_s3_bucket_server_side_encryption_configuration.access_logs","mode":"managed","type":"aws_s3_bucket_server_side_encryption_configuration","name":"access_logs","provider_name":"registry.terraform.io/hashicorp/aws","change":{"actions":["create"],"before":null,"after":{"expected_bucket_owner":null,"rule":[{"apply_server_side_encryption_by_default":[{"kms_master_key_id":"","sse_algorithm":"AES256"}],"bucket_key_enabled":null}]},"after_unknown":{"bucket":true,"id":true,"rule":[{"apply_server_side_encryption_by_default":[{}]}]},"before_sensitive":false,"after_sensitive":{"rule":[{"apply_server_side_encryption_by_default":[{}]}]}}},{"address":"aws_s3_bucket_server_side_encryption_configuration.cloudtrail_bucket[0]","mode":"managed","type":"aws_s3_bucket_server_side_encryption_configuration","name":"cloudtrail_bucket","index":0,"provider_name":"registry.terraform.io/hashicorp/aws","change":{"actions":["create"],"before":null,"after":{"expected_bucket_owner":null,"rule":[{"apply_server_side_encryption_by_default":[{"kms_master_key_id":"","sse_algorithm":"AES256"}],"bucket_key_enabled":null}]},"after_unknown":{"bucket":true,"id":true,"rule":[{"apply_server_side_encryption_by_default":[{}]}]},"before_sensitive":false,"after_sensitive":{"rule":[{"apply_server_side_encryption_by_default":[{}]}]}}},{"address":"aws_s3_bucket_server_side_encryption_configuration.secure_bucket","mode":"managed","type":"aws_s3_bucket_server_side_encryption_configuration","name":"secure_bucket","provider_name":"registry.terraform.io/hashicorp/aws","change":{"actions":["create"],"before":null,"after":{"expected_bucket_owner":null,"rule":[{"apply_server_side_encryption_by_default":[{"kms_master_key_id":"","sse_algorithm":"AES256"}],"bucket_key_enabled":true}]},"after_unknown":{"bucket":true,"id":true,"rule":[{"apply_server_side_encryption_by_default":[{}]}]},"before_sensitive":false,"after_sensitive":{"rule":[{"apply_server_side_encryption_by_default":[{}]}]}}},{"address":"aws_s3_bucket_versioning.secure_bucket","mode":"managed","type":"aws_s3_bucket_versioning","name":"secure_bucket","provider_name":"registry.terraform.io/hashicorp/aws","change":{"actions":["create"],"before":null,"after":{"expected_bucket_owner":null,"mfa":null,"versioning_configuration":[{"status":"Enabled"}]},"after_unknown":{"bucket":true,"id":true,"versioning_configuration":[{"mfa_delete":true}]},"before_sensitive":false,"after_sensitive":{"versioning_configuration":[{}]}}},{"address":"aws_security_group.database","mode":"managed","type":"aws_security_group","name":"database","provider_name":"registry.terraform.io/hashicorp/aws","change":{"actions":["create"],"before":null,"after":{"description":"Security group for database servers","name_prefix":"secure-example-dev-db-","revoke_rules_on_delete":false,"tags":{"Name":"secure-example-dev-database-sg"},"tags_all":{"Environment":"dev","ManagedBy":"terraform","Name":"secure-example-dev-database-sg","Project":"secure-example"},"timeouts":null},"after_unknown":{"arn":true,"egress":true,"id":true,"ingress":true,"name":true,"owner_id":true,"tags":{},"tags_all":{},"vpc_id":true},"before_sensitive":false,"after_sensitive":{"egress":[],"ingress":[],"tags":{},"tags_all":{}}}},{"address":"aws_security_group.web","mode":"managed","type":"aws_security_group","name":"web","provider_name":"registry.terraform.io/hashicorp/aws","change":{"actions":["create"],"before":null,"after":{"description":"Security group for web servers","name_prefix":"secure-example-dev-web-","revoke_rules_on_delete":false,"tags":{"Name":"secure-example-dev-web-sg"},"tags_all":{"Environment":"dev","ManagedBy":"terraform","Name":"secure-example-dev-web-sg","Project":"secure-example"},"timeouts":null},"after_unknown":{"arn":true,"egress":true,"id":true,"ingress":true,"name":true,"owner_id":true,"tags":{},"tags_all":{},"vpc_id":true},"before_sensitive":false,"after_sensitive":{"egress":[],"ingress":[],"tags":{},"tags_all":{}}}},{"address":"aws_security_group_rule.db_mysql","mode":"managed","type":"aws_security_group_rule","name":"db_mysql","provider_name":"registry.terraform.io/hashicorp/aws","change":{"actions":["create"],"before":null,"after":{"cidr_blocks":null,"description":"MySQL access from web servers","from_port":3306,"ipv6_cidr_blocks":null,"prefix_list_ids":null,"protocol":"tcp","self":false,"timeouts":null,"to_port":3306,"type":"ingress"},"after_unknown":{"id":true,"security_group_id":true,"security_group_rule_id":true,"source_security_group_id":true},"before_sensitive":false,"after_sensitive":{}}},{"address":"aws_security_group_rule.web_egress_http","mode":"managed","type":"aws_security_group_rule","name":"web_egress_http","provider_name":"registry.terraform.io/hashicorp/aws","change":{"actions":["create"],"before":null,"after":{"cidr_blocks":["0.0.0.0/0"],"description":"HTTP egress","from_port":80,"ipv6_cidr_blocks":null,"prefix_list_ids":null,"protocol":"tcp","self":false,"timeouts":null,"to_port":80,"type":"egress"},"after_unknown":{"cidr_blocks":[false],"id":true,"security_group_id":true,"security_group_rule_id":true,"source_security_group_id":true},"before_sensitive":false,"after_sensitive":{"cidr_blocks":[false]}}},{"address":"aws_security_group_rule.web_egress_https","mode":"managed","type":"aws_security_group_rule","name":"web_egress_https","provider_name":"registry.terraform.io/hashicorp/aws","change":{"actions":["create"],"before":null,"after":{"cidr_blocks":["0.0.0.0/0"],"description":"HTTPS egress","from_port":443,"ipv6_cidr_blocks":null,"prefix_list_ids":null,"protocol":"tcp","self":false,"timeouts":null,"to_port":443,"type":"egress"},"after_unknown":{"cidr_blocks":[false],"id":true,"security_group_id":true,"security_group_rule_id":true,"source_security_group_id":true},"before_sensitive":false,"after_sensitive":{"cidr_blocks":[false]}}},{"address":"aws_security_group_rule.web_http","mode":"managed","type":"aws_security_group_rule","name":"web_http","provider_name":"registry.terraform.io/hashicorp/aws","change":{"actions":["create"],"before":null,"after":{"cidr_blocks":["0.0.0.0/0"],"description":"HTTP access from anywhere","from_port":80,"ipv6_cidr_blocks":null,"prefix_list_ids":null,"protocol":"tcp","self":false,"timeouts":null,"to_port":80,"type":"ingress"},"after_unknown":{"cidr_blocks":[false],"id":true,"security_group_id":true,"security_group_rule_id":true,"source_security_group_id":true},"before_sensitive":false,"after_sensitive":{"cidr_blocks":[false]}}},{"address":"aws_security_group_rule.web_https","mode":"managed","type":"aws_security_group_rule","name":"web_https","provider_name":"registry.terraform.io/hashicorp/aws","change":{"actions":["create"],"before":null,"after":{"cidr_blocks":["0.0.0.0/0"],"description":"HTTPS access from anywhere","from_port":443,"ipv6_cidr_blocks":null,"prefix_list_ids":null,"protocol":"tcp","self":false,"timeouts":null,"to_port":443,"type":"ingress"},"after_unknown":{"cidr_blocks":[false],"id":true,"security_group_id":true,"security_group_rule_id":true,"source_security_group_id":true},"before_sensitive":false,"after_sensitive":{"cidr_blocks":[false]}}},{"address":"aws_security_group_rule.web_ssh","mode":"managed","type":"aws_security_group_rule","name":"web_ssh","provider_name":"registry.terraform.io/hashicorp/aws","change":{"actions":["create"],"before":null,"after":{"cidr_blocks":["203.0.113.0/24"],"description":"SSH access from allowed CIDR","from_port":22,"ipv6_cidr_blocks":null,"prefix_list_ids":null,"protocol":"tcp","self":false,"timeouts":null,"to_port":22,"type":"ingress"},"after_unknown":{"cidr_blocks":[false],"id":true,"security_group_id":true,"security_group_rule_id":true,"source_security_group_id":true},"before_sensitive":false,"after_sensitive":{"cidr_blocks":[false]}}},{"address":"aws_subnet.private","mode":"managed","type":"aws_subnet","name":"private","provider_name":"registry.terraform.io/hashicorp/aws","change":{"actions":["create"],"before":null,"after":{"assign_ipv6_address_on_creation":false,"availability_zone":"us-east-1b","cidr_block":"10.0.2.0/24","customer_owned_ipv4_pool":null,"enable_dns64":false,"enable_lni_at_device_index":null,"enable_resource_name_dns_a_record_on_launch":false,"enable_resource_name_dns_aaaa_record_on_launch":false,"ipv6_cidr_block":null,"ipv6_native":false,"map_customer_owned_ip_on_launch":null,"map_public_ip_on_launch":false,"outpost_arn":null,"tags":{"Name":"secure-example-dev-private-subnet","Type":"Private"},"tags_all":{"Environment":"dev","ManagedBy":"terraform","Name":"secure-example-dev-private-subnet","Project":"secure-example","Type":"Private"},"timeouts":null},"after_unknown":{"arn":true,"availability_zone_id":true,"id":true,"ipv6_cidr_block_association_id":true,"owner_id":true,"private_dns_hostname_type_on_launch":true,"tags":{},"tags_all":{},"vpc_id":true},"before_sensitive":false,"after_sensitive":{"tags":{},"tags_all":{}}}},{"address":"aws_subnet.public","mode":"managed","type":"aws_subnet","name":"public","provider_name":"registry.terraform.io/hashicorp/aws","change":{"actions":["create"],"before":null,"after":{"assign_ipv6_address_on_creation":false,"availability_zone":"us-east-1a","cidr_block":"10.0.1.0/24","customer_owned_ipv4_pool":null,"enable_dns64":false,"enable_lni_at_device_index":null,"enable_resource_name_dns_a_record_on_launch":false,"enable_resource_name_dns_aaaa_record_on_launch":false,"ipv6_cidr_block":null,"ipv6_native":false,"map_customer_owned_ip_on_launch":null,"map_public_ip_on_launch":false,"outpost_arn":null,"tags":{"Name":"secure-example-dev-public-subnet","Type":"Public"},"tags_all":{"Environment":"dev","ManagedBy":"terraform","Name":"secure-example-dev-public-subnet","Project":"secure-example","Type":"Public"},"timeouts":null},"after_unknown":{"arn":true,"availability_zone_id":true,"id":true,"ipv6_cidr_block_association_id":true,"owner_id":true,"private_dns_hostname_type_on_launch":true,"tags":{},"tags_all":{},"vpc_id":true},"before_sensitive":false,"after_sensitive":{"tags":{},"tags_all":{}}}},{"address":"aws_vpc.main","mode":"managed","type":"aws_vpc","name":"main","provider_name":"registry.terraform.io/hashicorp/aws","change":{"actions":["create"],"before":null,"after":{"assign_generated_ipv6_cidr_block":null,"cidr_block":"10.0.0.0/16","enable_dns_hostnames":true,"enable_dns_support":true,"instance_tenancy":"default","ipv4_ipam_pool_id":null,"ipv4_netmask_length":null,"ipv6_ipam_pool_id":null,"ipv6_netmask_length":null,"tags":{"Name":"secure-example-dev-vpc"},"tags_all":{"Environment":"dev","ManagedBy":"terraform","Name":"secure-example-dev-vpc","Project":"secure-example"}},"after_unknown":{"arn":true,"default_network_acl_id":true,"default_route_table_id":true,"default_security_group_id":true,"dhcp_options_id":true,"enable_network_address_usage_metrics":true,"id":true,"ipv6_association_id":true,"ipv6_cidr_block":true,"ipv6_cidr_block_network_border_group":true,"main_route_table_id":true,"owner_id":true,"tags":{},"tags_all":{}},"before_sensitive":false,"after_sensitive":{"tags":{},"tags_all":{}}}},{"address":"random_id.suffix","mode":"managed","type":"random_id","name":"suffix","provider_name":"registry.terraform.io/hashicorp/random","change":{"actions":["create"],"before":null,"after":{"byte_length":4,"keepers":null,"prefix":null},"after_unknown":{"b64_std":true,"b64_url":true,"dec":true,"hex":true,"id":true},"before_sensitive":false,"after_sensitive":{}}}],"output_changes":{"access_logs_bucket_name":{"actions":["create"],"before":null,"after_unknown":true,"before_sensitive":false,"after_sensitive":false},"cloudtrail_arn":{"actions":["create"],"before":null,"after_unknown":true,"before_sensitive":false,"after_sensitive":false},"cloudtrail_bucket_name":{"actions":["create"],"before":null,"after_unknown":true,"before_sensitive":false,"after_sensitive":false},"database_security_group_id":{"actions":["create"],"before":null,"after_unknown":true,"before_sensitive":false,"after_sensitive":false},"ec2_instance_profile_name":{"actions":["create"],"before":null,"after_unknown":true,"before_sensitive":false,"after_sensitive":false},"ec2_role_arn":{"actions":["create"],"before":null,"after_unknown":true,"before_sensitive":false,"after_sensitive":false},"internet_gateway_id":{"actions":["create"],"before":null,"after_unknown":true,"before_sensitive":false,"after_sensitive":false},"nat_gateway_ip":{"actions":["create"],"before":null,"after_unknown":true,"before_sensitive":false,"after_sensitive":false},"private_subnet_id":{"actions":["create"],"before":null,"after_unknown":true,"before_sensitive":false,"after_sensitive":false},"public_subnet_id":{"actions":["create"],"before":null,"after_unknown":true,"before_sensitive":false,"after_sensitive":false},"secure_bucket_arn":{"actions":["create"],"before":null,"after_unknown":true,"before_sensitive":false,"after_sensitive":false},"secure_bucket_name":{"actions":["create"],"before":null,"after_unknown":true,"before_sensitive":false,"after_sensitive":false},"vpc_cidr_block":{"actions":["create"],"before":null,"after":"10.0.0.0/16","after_unknown":false,"before_sensitive":false,"after_sensitive":false},"vpc_flow_log_id":{"actions":["create"],"before":null,"after_unknown":true,"before_sensitive":false,"after_sensitive":false},"vpc_id":{"actions":["create"],"before":null,"after_unknown":true,"before_sensitive":false,"after_sensitive":false},"web_security_group_id":{"actions":["create"],"before":null,"after_unknown":true,"before_sensitive":false,"after_sensitive":false}},"prior_state":{"format_version":"1.0","terraform_version":"1.5.7","values":{"outputs":{"vpc_cidr_block":{"sensitive":false,"value":"10.0.0.0/16","type":"string"}},"root_module":{"resources":[{"address":"data.aws_availability_zones.available","mode":"data","type":"aws_availability_zones","name":"available","provider_name":"registry.terraform.io/hashicorp/aws","schema_version":0,"values":{"all_availability_zones":null,"exclude_names":null,"exclude_zone_ids":null,"filter":null,"group_names":["us-east-1-zg-1"],"id":"us-east-1","names":["us-east-1a","us-east-1b","us-east-1c","us-east-1d","us-east-1e","us-east-1f"],"state":"available","timeouts":null,"zone_ids":["use1-az1","use1-az2","use1-az4","use1-az6","use1-az3","use1-az5"]},"sensitive_values":{"group_names":[false],"names":[false,false,false,false,false,false],"zone_ids":[false,false,false,false,false,false]}},{"address":"data.aws_caller_identity.current","mode":"data","type":"aws_caller_identity","name":"current","provider_name":"registry.terraform.io/hashicorp/aws","schema_version":0,"values":{"account_id":"612176863084","arn":"arn:aws:iam::612176863084:user/aws","id":"612176863084","user_id":"AIDAY5CEVT5WIVTRMW2YO"},"sensitive_values":{}}]}}},"configuration":{"provider_config":{"aws":{"name":"aws","full_name":"registry.terraform.io/hashicorp/aws","version_constraint":"~\u003e 5.0","expressions":{"default_tags":[{"tags":{"references":["var.tags"]}}],"region":{"constant_value":"us-east-1"}}},"random":{"name":"random","full_name":"registry.terraform.io/hashicorp/random","version_constraint":"~\u003e 3.1"}},"root_module":{"outputs":{"access_logs_bucket_name":{"expression":{"references":["aws_s3_bucket.access_logs.id","aws_s3_bucket.access_logs"]},"description":"Name of the access logs S3 bucket"},"cloudtrail_arn":{"expression":{"references":["var.enable_cloudtrail","aws_cloudtrail.main[0].arn","aws_cloudtrail.main[0]","aws_cloudtrail.main"]},"description":"ARN of the CloudTrail"},"cloudtrail_bucket_name":{"expression":{"references":["var.enable_cloudtrail","aws_s3_bucket.cloudtrail_bucket[0].id","aws_s3_bucket.cloudtrail_bucket[0]","aws_s3_bucket.cloudtrail_bucket"]},"description":"Name of the CloudTrail S3 bucket"},"database_security_group_id":{"expression":{"references":["aws_security_group.database.id","aws_security_group.database"]},"description":"ID of the database security group"},"ec2_instance_profile_name":{"expression":{"references":["aws_iam_instance_profile.ec2_profile.name","aws_iam_instance_profile.ec2_profile"]},"description":"Name of the EC2 instance profile"},"ec2_role_arn":{"expression":{"references":["aws_iam_role.ec2_role.arn","aws_iam_role.ec2_role"]},"description":"ARN of the EC2 IAM role"},"internet_gateway_id":{"expression":{"references":["aws_internet_gateway.main.id","aws_internet_gateway.main"]},"description":"ID of the Internet Gateway"},"nat_gateway_ip":{"expression":{"references":["aws_eip.nat.public_ip","aws_eip.nat"]},"description":"Public IP of the NAT Gateway"},"private_subnet_id":{"expression":{"references":["aws_subnet.private.id","aws_subnet.private"]},"description":"ID of the private subnet"},"public_subnet_id":{"expression":{"references":["aws_subnet.public.id","aws_subnet.public"]},"description":"ID of the public subnet"},"secure_bucket_arn":{"expression":{"references":["aws_s3_bucket.secure_bucket.arn","aws_s3_bucket.secure_bucket"]},"description":"ARN of the secure S3 bucket"},"secure_bucket_name":{"expression":{"references":["aws_s3_bucket.secure_bucket.id","aws_s3_bucket.secure_bucket"]},"description":"Name of the secure S3 bucket"},"vpc_cidr_block":{"expression":{"references":["aws_vpc.main.cidr_block","aws_vpc.main"]},"description":"CIDR block of the VPC"},"vpc_flow_log_id":{"expression":{"references":["var.enable_flow_logs","aws_flow_log.vpc_flow_log[0].id","aws_flow_log.vpc_flow_log[0]","aws_flow_log.vpc_flow_log"]},"description":"ID of the VPC Flow Log"},"vpc_id":{"expression":{"references":["aws_vpc.main.id","aws_vpc.main"]},"description":"ID of the VPC"},"web_security_group_id":{"expression":{"references":["aws_security_group.web.id","aws_security_group.web"]},"description":"ID of the web security group"}},"resources":[{"address":"aws_cloudtrail.main","mode":"managed","type":"aws_cloudtrail","name":"main","provider_config_key":"aws","expressions":{"event_selector":[{"data_resource":[{"type":{"constant_value":"AWS::S3::Object"},"values":{"constant_value":["arn:aws:s3:::*/*"]}}],"exclude_management_event_sources":{"constant_value":[]},"include_management_events":{"constant_value":true},"read_write_type":{"constant_value":"All"}}],"name":{"references":["local.name_prefix"]},"s3_bucket_name":{"references":["aws_s3_bucket.cloudtrail_bucket[0].id","aws_s3_bucket.cloudtrail_bucket[0]","aws_s3_bucket.cloudtrail_bucket"]},"tags":{"references":["local.name_prefix"]}},"schema_version":1,"count_expression":{"references":["var.enable_cloudtrail"]},"depends_on":["aws_s3_bucket_policy.cloudtrail_bucket_policy"]},{"address":"aws_cloudwatch_log_group.vpc_flow_log","mode":"managed","type":"aws_cloudwatch_log_group","name":"vpc_flow_log","provider_config_key":"aws","expressions":{"name":{"references":["local.name_prefix"]},"retention_in_days":{"constant_value":30},"tags":{"references":["local.name_prefix"]}},"schema_version":0,"count_expression":{"references":["var.enable_flow_logs"]}},{"address":"aws_default_security_group.default","mode":"managed","type":"aws_default_security_group","name":"default","provider_config_key":"aws","expressions":{"tags":{"references":["local.name_prefix"]},"vpc_id":{"references":["aws_vpc.main.id","aws_vpc.main"]}},"schema_version":1},{"address":"aws_eip.nat","mode":"managed","type":"aws_eip","name":"nat","provider_config_key":"aws","expressions":{"domain":{"constant_value":"vpc"},"tags":{"references":["local.name_prefix"]}},"schema_version":0,"depends_on":["aws_internet_gateway.main"]},{"address":"aws_flow_log.vpc_flow_log","mode":"managed","type":"aws_flow_log","name":"vpc_flow_log","provider_config_key":"aws","expressions":{"iam_role_arn":{"references":["aws_iam_role.flow_log_role[0].arn","aws_iam_role.flow_log_role[0]","aws_iam_role.flow_log_role"]},"log_destination":{"references":["aws_cloudwatch_log_group.vpc_flow_log[0].arn","aws_cloudwatch_log_group.vpc_flow_log[0]","aws_cloudwatch_log_group.vpc_flow_log"]},"tags":{"references":["local.name_prefix"]},"traffic_type":{"constant_value":"ALL"},"vpc_id":{"references":["aws_vpc.main.id","aws_vpc.main"]}},"schema_version":0,"count_expression":{"references":["var.enable_flow_logs"]}},{"address":"aws_iam_instance_profile.ec2_profile","mode":"managed","type":"aws_iam_instance_profile","name":"ec2_profile","provider_config_key":"aws","expressions":{"name_prefix":{"references":["local.name_prefix"]},"role":{"references":["aws_iam_role.ec2_role.name","aws_iam_role.ec2_role"]},"tags":{"references":["local.name_prefix"]}},"schema_version":0},{"address":"aws_iam_policy.ec2_policy","mode":"managed","type":"aws_iam_policy","name":"ec2_policy","provider_config_key":"aws","expressions":{"description":{"constant_value":"Policy for EC2 instances with specific permissions"},"name_prefix":{"references":["local.name_prefix"]},"policy":{"references":["aws_s3_bucket.secure_bucket.arn","aws_s3_bucket.secure_bucket","aws_s3_bucket.secure_bucket.arn","aws_s3_bucket.secure_bucket"]},"tags":{"references":["local.name_prefix"]}},"schema_version":0},{"address":"aws_iam_role.ec2_role","mode":"managed","type":"aws_iam_role","name":"ec2_role","provider_config_key":"aws","expressions":{"assume_role_policy":{},"name_prefix":{"references":["local.name_prefix"]},"tags":{"references":["local.name_prefix"]}},"schema_version":0},{"address":"aws_iam_role.flow_log_role","mode":"managed","type":"aws_iam_role","name":"flow_log_role","provider_config_key":"aws","expressions":{"assume_role_policy":{},"name_prefix":{"references":["local.name_prefix"]},"tags":{"references":["local.name_prefix"]}},"schema_version":0,"count_expression":{"references":["var.enable_flow_logs"]}},{"address":"aws_iam_role_policy.flow_log_policy","mode":"managed","type":"aws_iam_role_policy","name":"flow_log_policy","provider_config_key":"aws","expressions":{"name_prefix":{"references":["local.name_prefix"]},"policy":{},"role":{"references":["aws_iam_role.flow_log_role[0].id","aws_iam_role.flow_log_role[0]","aws_iam_role.flow_log_role"]}},"schema_version":0,"count_expression":{"references":["var.enable_flow_logs"]}},{"address":"aws_iam_role_policy_attachment.ec2_policy_attachment","mode":"managed","type":"aws_iam_role_policy_attachment","name":"ec2_policy_attachment","provider_config_key":"aws","expressions":{"policy_arn":{"references":["aws_iam_policy.ec2_policy.arn","aws_iam_policy.ec2_policy"]},"role":{"references":["aws_iam_role.ec2_role.name","aws_iam_role.ec2_role"]}},"schema_version":0},{"address":"aws_internet_gateway.main","mode":"managed","type":"aws_internet_gateway","name":"main","provider_config_key":"aws","expressions":{"tags":{"references":["local.name_prefix"]},"vpc_id":{"references":["aws_vpc.main.id","aws_vpc.main"]}},"schema_version":0},{"address":"aws_nat_gateway.main","mode":"managed","type":"aws_nat_gateway","name":"main","provider_config_key":"aws","expressions":{"allocation_id":{"references":["aws_eip.nat.id","aws_eip.nat"]},"subnet_id":{"references":["aws_subnet.public.id","aws_subnet.public"]},"tags":{"references":["local.name_prefix"]}},"schema_version":0,"depends_on":["aws_internet_gateway.main"]},{"address":"aws_route_table.private","mode":"managed","type":"aws_route_table","name":"private","provider_config_key":"aws","expressions":{"route":{"references":["aws_nat_gateway.main.id","aws_nat_gateway.main"]},"tags":{"references":["local.name_prefix"]},"vpc_id":{"references":["aws_vpc.main.id","aws_vpc.main"]}},"schema_version":0},{"address":"aws_route_table.public","mode":"managed","type":"aws_route_table","name":"public","provider_config_key":"aws","expressions":{"route":{"references":["aws_internet_gateway.main.id","aws_internet_gateway.main"]},"tags":{"references":["local.name_prefix"]},"vpc_id":{"references":["aws_vpc.main.id","aws_vpc.main"]}},"schema_version":0},{"address":"aws_route_table_association.private","mode":"managed","type":"aws_route_table_association","name":"private","provider_config_key":"aws","expressions":{"route_table_id":{"references":["aws_route_table.private.id","aws_route_table.private"]},"subnet_id":{"references":["aws_subnet.private.id","aws_subnet.private"]}},"schema_version":0},{"address":"aws_route_table_association.public","mode":"managed","type":"aws_route_table_association","name":"public","provider_config_key":"aws","expressions":{"route_table_id":{"references":["aws_route_table.public.id","aws_route_table.public"]},"subnet_id":{"references":["aws_subnet.public.id","aws_subnet.public"]}},"schema_version":0},{"address":"aws_s3_bucket.access_logs","mode":"managed","type":"aws_s3_bucket","name":"access_logs","provider_config_key":"aws","expressions":{"bucket":{"references":["var.s3_bucket_prefix","var.environment","local.bucket_suffix"]},"tags":{"references":["local.name_prefix","var.environment"]}},"schema_version":0},{"address":"aws_s3_bucket.cloudtrail_bucket","mode":"managed","type":"aws_s3_bucket","name":"cloudtrail_bucket","provider_config_key":"aws","expressions":{"bucket":{"references":["var.s3_bucket_prefix","var.environment","local.bucket_suffix"]},"force_destroy":{"constant_value":true},"tags":{"references":["local.name_prefix"]}},"schema_version":0,"count_expression":{"references":["var.enable_cloudtrail"]}},{"address":"aws_s3_bucket.secure_bucket","mode":"managed","type":"aws_s3_bucket","name":"secure_bucket","provider_config_key":"aws","expressions":{"bucket":{"references":["var.s3_bucket_prefix","var.environment","local.bucket_suffix"]},"tags":{"references":["local.name_prefix","var.environment"]}},"schema_version":0},{"address":"aws_s3_bucket_logging.secure_bucket","mode":"managed","type":"aws_s3_bucket_logging","name":"secure_bucket","provider_config_key":"aws","expressions":{"bucket":{"references":["aws_s3_bucket.secure_bucket.id","aws_s3_bucket.secure_bucket"]},"target_bucket":{"references":["aws_s3_bucket.access_logs.id","aws_s3_bucket.access_logs"]},"target_prefix":{"constant_value":"access-logs/"}},"schema_version":0},{"address":"aws_s3_bucket_policy.cloudtrail_bucket_policy","mode":"managed","type":"aws_s3_bucket_policy","name":"cloudtrail_bucket_policy","provider_config_key":"aws","expressions":{"bucket":{"references":["aws_s3_bucket.cloudtrail_bucket[0].id","aws_s3_bucket.cloudtrail_bucket[0]","aws_s3_bucket.cloudtrail_bucket"]},"policy":{"references":["aws_s3_bucket.cloudtrail_bucket[0].arn","aws_s3_bucket.cloudtrail_bucket[0]","aws_s3_bucket.cloudtrail_bucket","data.aws_caller_identity.current.account_id","data.aws_caller_identity.current","local.name_prefix","aws_s3_bucket.cloudtrail_bucket[0].arn","aws_s3_bucket.cloudtrail_bucket[0]","aws_s3_bucket.cloudtrail_bucket","data.aws_caller_identity.current.account_id","data.aws_caller_identity.current","local.name_prefix"]}},"schema_version":0,"count_expression":{"references":["var.enable_cloudtrail"]}},{"address":"aws_s3_bucket_public_access_block.access_logs","mode":"managed","type":"aws_s3_bucket_public_access_block","name":"access_logs","provider_config_key":"aws","expressions":{"block_public_acls":{"constant_value":true},"block_public_policy":{"constant_value":true},"bucket":{"references":["aws_s3_bucket.access_logs.id","aws_s3_bucket.access_logs"]},"ignore_public_acls":{"constant_value":true},"restrict_public_buckets":{"constant_value":true}},"schema_version":0},{"address":"aws_s3_bucket_public_access_block.cloudtrail_bucket","mode":"managed","type":"aws_s3_bucket_public_access_block","name":"cloudtrail_bucket","provider_config_key":"aws","expressions":{"block_public_acls":{"constant_value":true},"block_public_policy":{"constant_value":true},"bucket":{"references":["aws_s3_bucket.cloudtrail_bucket[0].id","aws_s3_bucket.cloudtrail_bucket[0]","aws_s3_bucket.cloudtrail_bucket"]},"ignore_public_acls":{"constant_value":true},"restrict_public_buckets":{"constant_value":true}},"schema_version":0,"count_expression":{"references":["var.enable_cloudtrail"]}},{"address":"aws_s3_bucket_public_access_block.secure_bucket","mode":"managed","type":"aws_s3_bucket_public_access_block","name":"secure_bucket","provider_config_key":"aws","expressions":{"block_public_acls":{"constant_value":true},"block_public_policy":{"constant_value":true},"bucket":{"references":["aws_s3_bucket.secure_bucket.id","aws_s3_bucket.secure_bucket"]},"ignore_public_acls":{"constant_value":true},"restrict_public_buckets":{"constant_value":true}},"schema_version":0},{"address":"aws_s3_bucket_server_side_encryption_configuration.access_logs","mode":"managed","type":"aws_s3_bucket_server_side_encryption_configuration","name":"access_logs","provider_config_key":"aws","expressions":{"bucket":{"references":["aws_s3_bucket.access_logs.id","aws_s3_bucket.access_logs"]},"rule":[{"apply_server_side_encryption_by_default":[{"sse_algorithm":{"constant_value":"AES256"}}]}]},"schema_version":0},{"address":"aws_s3_bucket_server_side_encryption_configuration.cloudtrail_bucket","mode":"managed","type":"aws_s3_bucket_server_side_encryption_configuration","name":"cloudtrail_bucket","provider_config_key":"aws","expressions":{"bucket":{"references":["aws_s3_bucket.cloudtrail_bucket[0].id","aws_s3_bucket.cloudtrail_bucket[0]","aws_s3_bucket.cloudtrail_bucket"]},"rule":[{"apply_server_side_encryption_by_default":[{"sse_algorithm":{"constant_value":"AES256"}}]}]},"schema_version":0,"count_expression":{"references":["var.enable_cloudtrail"]}},{"address":"aws_s3_bucket_server_side_encryption_configuration.secure_bucket","mode":"managed","type":"aws_s3_bucket_server_side_encryption_configuration","name":"secure_bucket","provider_config_key":"aws","expressions":{"bucket":{"references":["aws_s3_bucket.secure_bucket.id","aws_s3_bucket.secure_bucket"]},"rule":[{"apply_server_side_encryption_by_default":[{"sse_algorithm":{"constant_value":"AES256"}}],"bucket_key_enabled":{"constant_value":true}}]},"schema_version":0},{"address":"aws_s3_bucket_versioning.secure_bucket","mode":"managed","type":"aws_s3_bucket_versioning","name":"secure_bucket","provider_config_key":"aws","expressions":{"bucket":{"references":["aws_s3_bucket.secure_bucket.id","aws_s3_bucket.secure_bucket"]},"versioning_configuration":[{"status":{"constant_value":"Enabled"}}]},"schema_version":0},{"address":"aws_security_group.database","mode":"managed","type":"aws_security_group","name":"database","provider_config_key":"aws","expressions":{"description":{"constant_value":"Security group for database servers"},"name_prefix":{"references":["local.name_prefix"]},"tags":{"references":["local.name_prefix"]},"vpc_id":{"references":["aws_vpc.main.id","aws_vpc.main"]}},"schema_version":1},{"address":"aws_security_group.web","mode":"managed","type":"aws_security_group","name":"web","provider_config_key":"aws","expressions":{"description":{"constant_value":"Security group for web servers"},"name_prefix":{"references":["local.name_prefix"]},"tags":{"references":["local.name_prefix"]},"vpc_id":{"references":["aws_vpc.main.id","aws_vpc.main"]}},"schema_version":1},{"address":"aws_security_group_rule.db_mysql","mode":"managed","type":"aws_security_group_rule","name":"db_mysql","provider_config_key":"aws","expressions":{"description":{"constant_value":"MySQL access from web servers"},"from_port":{"constant_value":3306},"protocol":{"constant_value":"tcp"},"security_group_id":{"references":["aws_security_group.database.id","aws_security_group.database"]},"source_security_group_id":{"references":["aws_security_group.web.id","aws_security_group.web"]},"to_port":{"constant_value":3306},"type":{"constant_value":"ingress"}},"schema_version":2},{"address":"aws_security_group_rule.web_egress_http","mode":"managed","type":"aws_security_group_rule","name":"web_egress_http","provider_config_key":"aws","expressions":{"cidr_blocks":{"constant_value":["0.0.0.0/0"]},"description":{"constant_value":"HTTP egress"},"from_port":{"constant_value":80},"protocol":{"constant_value":"tcp"},"security_group_id":{"references":["aws_security_group.web.id","aws_security_group.web"]},"to_port":{"constant_value":80},"type":{"constant_value":"egress"}},"schema_version":2},{"address":"aws_security_group_rule.web_egress_https","mode":"managed","type":"aws_security_group_rule","name":"web_egress_https","provider_config_key":"aws","expressions":{"cidr_blocks":{"constant_value":["0.0.0.0/0"]},"description":{"constant_value":"HTTPS egress"},"from_port":{"constant_value":443},"protocol":{"constant_value":"tcp"},"security_group_id":{"references":["aws_security_group.web.id","aws_security_group.web"]},"to_port":{"constant_value":443},"type":{"constant_value":"egress"}},"schema_version":2},{"address":"aws_security_group_rule.web_http","mode":"managed","type":"aws_security_group_rule","name":"web_http","provider_config_key":"aws","expressions":{"cidr_blocks":{"constant_value":["0.0.0.0/0"]},"description":{"constant_value":"HTTP access from anywhere"},"from_port":{"constant_value":80},"protocol":{"constant_value":"tcp"},"security_group_id":{"references":["aws_security_group.web.id","aws_security_group.web"]},"to_port":{"constant_value":80},"type":{"constant_value":"ingress"}},"schema_version":2},{"address":"aws_security_group_rule.web_https","mode":"managed","type":"aws_security_group_rule","name":"web_https","provider_config_key":"aws","expressions":{"cidr_blocks":{"constant_value":["0.0.0.0/0"]},"description":{"constant_value":"HTTPS access from anywhere"},"from_port":{"constant_value":443},"protocol":{"constant_value":"tcp"},"security_group_id":{"references":["aws_security_group.web.id","aws_security_group.web"]},"to_port":{"constant_value":443},"type":{"constant_value":"ingress"}},"schema_version":2},{"address":"aws_security_group_rule.web_ssh","mode":"managed","type":"aws_security_group_rule","name":"web_ssh","provider_config_key":"aws","expressions":{"cidr_blocks":{"references":["var.allowed_ssh_cidr"]},"description":{"constant_value":"SSH access from allowed CIDR"},"from_port":{"constant_value":22},"protocol":{"constant_value":"tcp"},"security_group_id":{"references":["aws_security_group.web.id","aws_security_group.web"]},"to_port":{"constant_value":22},"type":{"constant_value":"ingress"}},"schema_version":2},{"address":"aws_subnet.private","mode":"managed","type":"aws_subnet","name":"private","provider_config_key":"aws","expressions":{"availability_zone":{"references":["data.aws_availability_zones.available.names[1]","data.aws_availability_zones.available.names","data.aws_availability_zones.available"]},"cidr_block":{"references":["var.vpc_cidr"]},"tags":{"references":["local.name_prefix"]},"vpc_id":{"references":["aws_vpc.main.id","aws_vpc.main"]}},"schema_version":1},{"address":"aws_subnet.public","mode":"managed","type":"aws_subnet","name":"public","provider_config_key":"aws","expressions":{"availability_zone":{"references":["data.aws_availability_zones.available.names[0]","data.aws_availability_zones.available.names","data.aws_availability_zones.available"]},"cidr_block":{"references":["var.vpc_cidr"]},"map_public_ip_on_launch":{"constant_value":false},"tags":{"references":["local.name_prefix"]},"vpc_id":{"references":["aws_vpc.main.id","aws_vpc.main"]}},"schema_version":1},{"address":"aws_vpc.main","mode":"managed","type":"aws_vpc","name":"main","provider_config_key":"aws","expressions":{"cidr_block":{"references":["var.vpc_cidr"]},"enable_dns_hostnames":{"constant_value":true},"enable_dns_support":{"constant_value":true},"tags":{"references":["local.name_prefix"]}},"schema_version":1},{"address":"random_id.suffix","mode":"managed","type":"random_id","name":"suffix","provider_config_key":"random","expressions":{"byte_length":{"constant_value":4}},"schema_version":0},{"address":"data.aws_availability_zones.available","mode":"data","type":"aws_availability_zones","name":"available","provider_config_key":"aws","expressions":{"state":{"constant_value":"available"}},"schema_version":0},{"address":"data.aws_caller_identity.current","mode":"data","type":"aws_caller_identity","name":"current","provider_config_key":"aws","schema_version":0}],"variables":{"allowed_rdp_cidr":{"default":"203.0.113.0/24","description":"CIDR block allowed for RDP access (replace with your IP range)"},"allowed_ssh_cidr":{"default":"203.0.113.0/24","description":"CIDR block allowed for SSH access (replace with your IP range)"},"enable_cloudtrail":{"default":true,"description":"Enable CloudTrail logging"},"enable_flow_logs":{"default":true,"description":"Enable VPC Flow Logs"},"environment":{"default":"dev","description":"Environment name (dev, test, prod)"},"project_name":{"default":"secure-example","description":"Project name for resource naming"},"s3_bucket_prefix":{"default":"secure-example","description":"Prefix for S3 bucket names (must be globally unique)"},"tags":{"default":{"Environment":"dev","ManagedBy":"terraform","Project":"secure-example"},"description":"Common tags for all resources"},"vpc_cidr":{"default":"10.0.0.0/16","description":"CIDR block for VPC"}}}},"relevant_attributes":[{"resource":"aws_route_table.public","attribute":["id"]},{"resource":"aws_eip.nat","attribute":["id"]},{"resource":"aws_subnet.private","attribute":["id"]},{"resource":"aws_route_table.private","attribute":["id"]},{"resource":"aws_flow_log.vpc_flow_log[0]","attribute":["id"]},{"resource":"aws_eip.nat","attribute":["public_ip"]},{"resource":"aws_iam_role.ec2_role","attribute":["name"]},{"resource":"aws_security_group.web","attribute":["id"]},{"resource":"aws_internet_gateway.main","attribute":["id"]},{"resource":"data.aws_availability_zones.available","attribute":["names",0]},{"resource":"aws_iam_policy.ec2_policy","attribute":["arn"]},{"resource":"data.aws_caller_identity.current","attribute":["account_id"]},{"resource":"data.aws_availability_zones.available","attribute":["names",1]},{"resource":"aws_iam_instance_profile.ec2_profile","attribute":["name"]},{"resource":"aws_s3_bucket.secure_bucket","attribute":["id"]},{"resource":"aws_subnet.public","attribute":["id"]},{"resource":"aws_iam_role.ec2_role","attribute":["arn"]},{"resource":"random_id.suffix","attribute":["hex"]},{"resource":"aws_s3_bucket.secure_bucket","attribute":["arn"]},{"resource":"aws_cloudtrail.main[0]","attribute":["arn"]},{"resource":"aws_vpc.main","attribute":["id"]},{"resource":"aws_s3_bucket.access_logs","attribute":["id"]},{"resource":"aws_cloudwatch_log_group.vpc_flow_log[0]","attribute":["arn"]},{"resource":"aws_iam_role.flow_log_role[0]","attribute":["arn"]},{"resource":"aws_nat_gateway.main","attribute":["id"]},{"resource":"aws_vpc.main","attribute":["cidr_block"]},{"resource":"aws_iam_role.flow_log_role[0]","attribute":["id"]},{"resource":"aws_s3_bucket.cloudtrail_bucket[0]","attribute":["id"]},{"resource":"aws_security_group.database","attribute":["id"]},{"resource":"aws_s3_bucket.cloudtrail_bucket[0]","attribute":["arn"]}],"timestamp":"2026-01-21T14:29:40Z"}
