{"format_version":"1.2","terraform_version":"1.5.7","variables":{"environment":{"value":"test"},"project_name":{"value":"insecure-example"},"s3_bucket_prefix":{"value":"insecure-example"},"tags":{"value":{"Environment":"test","ManagedBy":"terraform","Project":"insecure-example","Purpose":"security-testing"}},"vpc_cidr":{"value":"10.0.0.0/16"}},"planned_values":{"outputs":{"insecure_bucket_name":{"sensitive":false},"insecure_role_arn":{"sensitive":false},"insecure_security_group_id":{"sensitive":false},"insecure_user_name":{"sensitive":false,"type":"string","value":"insecure-example-test-insecure-user"},"public_bucket_name":{"sensitive":false},"violations_summary":{"sensitive":false,"type":["object",{"critical_violations":["tuple",["string","string","string","string","string"]],"high_violations":["tuple",["string","string","string","string"]],"medium_violations":["tuple",["string","string"]],"total_expected_violations":"number"}],"value":{"critical_violations":["IAM-001: Wildcard actions on all resources","IAM-003: Trust policy allows any principal (*)","NET-001: SSH access from 0.0.0.0/0","NET-002: RDP access from 0.0.0.0/0","DATA-002: S3 bucket allows public access"],"high_violations":["IAM-002: IAM user has inline policy","NET-003: Default security group has rules","NET-004: Unrestricted outbound traffic","DATA-001: S3 bucket without encryption"],"medium_violations":["DATA-003: S3 bucket without versioning","DATA-004: S3 bucket without access logging"],"total_expected_violations":11}},"vpc_id":{"sensitive":false},"wildcard_policy_arn":{"sensitive":false}},"root_module":{"resources":[{"address":"aws_default_security_group.default","mode":"managed","type":"aws_default_security_group","name":"default","provider_name":"registry.terraform.io/hashicorp/aws","schema_version":1,"values":{"egress":[{"cidr_blocks":["0.0.0.0/0"],"description":"","from_port":0,"ipv6_cidr_blocks":[],"prefix_list_ids":[],"protocol":"-1","security_groups":[],"self":false,"to_port":0}],"ingress":[{"cidr_blocks":["0.0.0.0/0"],"description":"","from_port":80,"ipv6_cidr_blocks":[],"prefix_list_ids":[],"protocol":"tcp","security_groups":[],"self":false,"to_port":80}],"revoke_rules_on_delete":false,"tags":{"Name":"insecure-example-test-default-sg"},"tags_all":{"Environment":"test","ManagedBy":"terraform","Name":"insecure-example-test-default-sg","Project":"insecure-example","Purpose":"security-testing"}},"sensitive_values":{"egress":[{"cidr_blocks":[false],"ipv6_cidr_blocks":[],"prefix_list_ids":[],"security_groups":[]}],"ingress":[{"cidr_blocks":[false],"ipv6_cidr_blocks":[],"prefix_list_ids":[],"security_groups":[]}],"tags":{},"tags_all":{}}},{"address":"aws_iam_policy.wildcard_policy","mode":"managed","type":"aws_iam_policy","name":"wildcard_policy","provider_name":"registry.terraform.io/hashicorp/aws","schema_version":0,"values":{"description":"Policy with wildcard actions - INSECURE","name_prefix":"insecure-example-test-wildcard-policy-","path":"/","policy":"{\"Statement\":[{\"Action\":\"*\",\"Effect\":\"Allow\",\"Resource\":\"*\"}],\"Version\":\"2012-10-17\"}","tags":{"Name":"insecure-example-test-wildcard-policy"},"tags_all":{"Environment":"test","ManagedBy":"terraform","Name":"insecure-example-test-wildcard-policy","Project":"insecure-example","Purpose":"security-testing"}},"sensitive_values":{"tags":{},"tags_all":{}}},{"address":"aws_iam_role.insecure_role","mode":"managed","type":"aws_iam_role","name":"insecure_role","provider_name":"registry.terraform.io/hashicorp/aws","schema_version":0,"values":{"assume_role_policy":"{\"Statement\":[{\"Action\":\"sts:AssumeRole\",\"Effect\":\"Allow\",\"Principal\":\"*\"}],\"Version\":\"2012-10-17\"}","description":null,"force_detach_policies":false,"max_session_duration":3600,"name_prefix":"insecure-example-test-insecure-role-","path":"/","permissions_boundary":null,"tags":{"Name":"insecure-example-test-insecure-role"},"tags_all":{"Environment":"test","ManagedBy":"terraform","Name":"insecure-example-test-insecure-role","Project":"insecure-example","Purpose":"security-testing"}},"sensitive_values":{"inline_policy":[],"managed_policy_arns":[],"tags":{},"tags_all":{}}},{"address":"aws_iam_role_policy_attachment.wildcard_attachment","mode":"managed","type":"aws_iam_role_policy_attachment","name":"wildcard_attachment","provider_name":"registry.terraform.io/hashicorp/aws","schema_version":0,"sensitive_values":{}},{"address":"aws_iam_user.insecure_user","mode":"managed","type":"aws_iam_user","name":"insecure_user","provider_name":"registry.terraform.io/hashicorp/aws","schema_version":0,"values":{"force_destroy":false,"name":"insecure-example-test-insecure-user","path":"/","permissions_boundary":null,"tags":{"Name":"insecure-example-test-insecure-user"},"tags_all":{"Environment":"test","ManagedBy":"terraform","Name":"insecure-example-test-insecure-user","Project":"insecure-example","Purpose":"security-testing"}},"sensitive_values":{"tags":{},"tags_all":{}}},{"address":"aws_iam_user_policy.insecure_inline_policy","mode":"managed","type":"aws_iam_user_policy","name":"insecure_inline_policy","provider_name":"registry.terraform.io/hashicorp/aws","schema_version":0,"values":{"name":"insecure-example-test-inline-policy","policy":"{\"Version\":\"2012-10-17\",\"Statement\":[{\"Action\":[\"s3:GetObject\"],\"Effect\":\"Allow\",\"Resource\":\"*\"}]}","user":"insecure-example-test-insecure-user"},"sensitive_values":{}},{"address":"aws_internet_gateway.main","mode":"managed","type":"aws_internet_gateway","name":"main","provider_name":"registry.terraform.io/hashicorp/aws","schema_version":0,"values":{"tags":{"Name":"insecure-example-test-igw"},"tags_all":{"Environment":"test","ManagedBy":"terraform","Name":"insecure-example-test-igw","Project":"insecure-example","Purpose":"security-testing"},"timeouts":null},"sensitive_values":{"tags":{},"tags_all":{}}},{"address":"aws_route_table.public","mode":"managed","type":"aws_route_table","name":"public","provider_name":"registry.terraform.io/hashicorp/aws","schema_version":0,"values":{"route":[{"carrier_gateway_id":"","cidr_block":"0.0.0.0/0","core_network_arn":"","destination_prefix_list_id":"","egress_only_gateway_id":"","ipv6_cidr_block":"","local_gateway_id":"","nat_gateway_id":"","network_interface_id":"","transit_gateway_id":"","vpc_endpoint_id":"","vpc_peering_connection_id":""}],"tags":{"Name":"insecure-example-test-public-rt"},"tags_all":{"Environment":"test","ManagedBy":"terraform","Name":"insecure-example-test-public-rt","Project":"insecure-example","Purpose":"security-testing"},"timeouts":null},"sensitive_values":{"propagating_vgws":[],"route":[{}],"tags":{},"tags_all":{}}},{"address":"aws_route_table_association.public","mode":"managed","type":"aws_route_table_association","name":"public","provider_name":"registry.terraform.io/hashicorp/aws","schema_version":0,"values":{"gateway_id":null,"timeouts":null},"sensitive_values":{}},{"address":"aws_s3_bucket.insecure_bucket","mode":"managed","type":"aws_s3_bucket","name":"insecure_bucket","provider_name":"registry.terraform.io/hashicorp/aws","schema_version":0,"values":{"force_destroy":false,"tags":{"Name":"insecure-example-test-insecure-bucket"},"tags_all":{"Environment":"test","ManagedBy":"terraform","Name":"insecure-example-test-insecure-bucket","Project":"insecure-example","Purpose":"security-testing"},"timeouts":null},"sensitive_values":{"cors_rule":[],"grant":[],"lifecycle_rule":[],"logging":[],"object_lock_configuration":[],"replication_configuration":[],"server_side_encryption_configuration":[],"tags":{},"tags_all":{},"versioning":[],"website":[]}},{"address":"aws_s3_bucket.public_bucket","mode":"managed","type":"aws_s3_bucket","name":"public_bucket","provider_name":"registry.terraform.io/hashicorp/aws","schema_version":0,"values":{"force_destroy":false,"tags":{"Name":"insecure-example-test-public-bucket"},"tags_all":{"Environment":"test","ManagedBy":"terraform","Name":"insecure-example-test-public-bucket","Project":"insecure-example","Purpose":"security-testing"},"timeouts":null},"sensitive_values":{"cors_rule":[],"grant":[],"lifecycle_rule":[],"logging":[],"object_lock_configuration":[],"replication_configuration":[],"server_side_encryption_configuration":[],"tags":{},"tags_all":{},"versioning":[],"website":[]}},{"address":"aws_s3_bucket_public_access_block.public_bucket_bad","mode":"managed","type":"aws_s3_bucket_public_access_block","name":"public_bucket_bad","provider_name":"registry.terraform.io/hashicorp/aws","schema_version":0,"values":{"block_public_acls":false,"block_public_policy":false,"ignore_public_acls":false,"restrict_public_buckets":false},"sensitive_values":{}},{"address":"aws_security_group.inline_rules","mode":"managed","type":"aws_security_group","name":"inline_rules","provider_name":"registry.terraform.io/hashicorp/aws","schema_version":1,"values":{"description":"Security group with inline rules demonstrating violations","egress":[{"cidr_blocks":["0.0.0.0/0"],"description":"","from_port":0,"ipv6_cidr_blocks":[],"prefix_list_ids":[],"protocol":"-1","security_groups":[],"self":false,"to_port":0}],"ingress":[{"cidr_blocks":["0.0.0.0/0"],"description":"","from_port":22,"ipv6_cidr_blocks":[],"prefix_list_ids":[],"protocol":"tcp","security_groups":[],"self":false,"to_port":22},{"cidr_blocks":["0.0.0.0/0"],"description":"","from_port":3389,"ipv6_cidr_blocks":[],"prefix_list_ids":[],"protocol":"tcp","security_groups":[],"self":false,"to_port":3389}],"name_prefix":"insecure-example-test-inline-","revoke_rules_on_delete":false,"tags":{"Name":"insecure-example-test-inline-sg"},"tags_all":{"Environment":"test","ManagedBy":"terraform","Name":"insecure-example-test-inline-sg","Project":"insecure-example","Purpose":"security-testing"},"timeouts":null},"sensitive_values":{"egress":[{"cidr_blocks":[false],"ipv6_cidr_blocks":[],"prefix_list_ids":[],"security_groups":[]}],"ingress":[{"cidr_blocks":[false],"ipv6_cidr_blocks":[],"prefix_list_ids":[],"security_groups":[]},{"cidr_blocks":[false],"ipv6_cidr_blocks":[],"prefix_list_ids":[],"security_groups":[]}],"tags":{},"tags_all":{}}},{"address":"aws_security_group.insecure_web","mode":"managed","type":"aws_security_group","name":"insecure_web","provider_name":"registry.terraform.io/hashicorp/aws","schema_version":1,"values":{"description":"Insecure security group for demonstration","name_prefix":"insecure-example-test-insecure-web-","revoke_rules_on_delete":false,"tags":{"Name":"insecure-example-test-insecure-web-sg"},"tags_all":{"Environment":"test","ManagedBy":"terraform","Name":"insecure-example-test-insecure-web-sg","Project":"insecure-example","Purpose":"security-testing"},"timeouts":null},"sensitive_values":{"egress":[],"ingress":[],"tags":{},"tags_all":{}}},{"address":"aws_security_group_rule.rdp_from_anywhere","mode":"managed","type":"aws_security_group_rule","name":"rdp_from_anywhere","provider_name":"registry.terraform.io/hashicorp/aws","schema_version":2,"values":{"cidr_blocks":["0.0.0.0/0"],"description":"RDP access from anywhere - INSECURE","from_port":3389,"ipv6_cidr_blocks":null,"prefix_list_ids":null,"protocol":"tcp","self":false,"timeouts":null,"to_port":3389,"type":"ingress"},"sensitive_values":{"cidr_blocks":[false]}},{"address":"aws_security_group_rule.ssh_from_anywhere","mode":"managed","type":"aws_security_group_rule","name":"ssh_from_anywhere","provider_name":"registry.terraform.io/hashicorp/aws","schema_version":2,"values":{"cidr_blocks":["0.0.0.0/0"],"description":"SSH access from anywhere - INSECURE","from_port":22,"ipv6_cidr_blocks":null,"prefix_list_ids":null,"protocol":"tcp","self":false,"timeouts":null,"to_port":22,"type":"ingress"},"sensitive_values":{"cidr_blocks":[false]}},{"address":"aws_security_group_rule.unrestricted_egress","mode":"managed","type":"aws_security_group_rule","name":"unrestricted_egress","provider_name":"registry.terraform.io/hashicorp/aws","schema_version":2,"values":{"cidr_blocks":["0.0.0.0/0"],"description":"Unrestricted outbound traffic - INSECURE","from_port":0,"ipv6_cidr_blocks":null,"prefix_list_ids":null,"protocol":"tcp","self":false,"timeouts":null,"to_port":65535,"type":"egress"},"sensitive_values":{"cidr_blocks":[false]}},{"address":"aws_subnet.public","mode":"managed","type":"aws_subnet","name":"public","provider_name":"registry.terraform.io/hashicorp/aws","schema_version":1,"values":{"assign_ipv6_address_on_creation":false,"availability_zone":"us-east-1a","cidr_block":"10.0.1.0/24","customer_owned_ipv4_pool":null,"enable_dns64":false,"enable_lni_at_device_index":null,"enable_resource_name_dns_a_record_on_launch":false,"enable_resource_name_dns_aaaa_record_on_launch":false,"ipv6_cidr_block":null,"ipv6_native":false,"map_customer_owned_ip_on_launch":null,"map_public_ip_on_launch":true,"outpost_arn":null,"tags":{"Name":"insecure-example-test-public-subnet"},"tags_all":{"Environment":"test","ManagedBy":"terraform","Name":"insecure-example-test-public-subnet","Project":"insecure-example","Purpose":"security-testing"},"timeouts":null},"sensitive_values":{"tags":{},"tags_all":{}}},{"address":"aws_vpc.main","mode":"managed","type":"aws_vpc","name":"main","provider_name":"registry.terraform.io/hashicorp/aws","schema_version":1,"values":{"assign_generated_ipv6_cidr_block":null,"cidr_block":"10.0.0.0/16","enable_dns_hostnames":true,"enable_dns_support":true,"instance_tenancy":"default","ipv4_ipam_pool_id":null,"ipv4_netmask_length":null,"ipv6_ipam_pool_id":null,"ipv6_netmask_length":null,"tags":{"Name":"insecure-example-test-vpc"},"tags_all":{"Environment":"test","ManagedBy":"terraform","Name":"insecure-example-test-vpc","Project":"insecure-example","Purpose":"security-testing"}},"sensitive_values":{"tags":{},"tags_all":{}}},{"address":"random_id.suffix","mode":"managed","type":"random_id","name":"suffix","provider_name":"registry.terraform.io/hashicorp/random","schema_version":0,"values":{"byte_length":4,"keepers":null,"prefix":null},"sensitive_values":{}}]}},"resource_changes":[{"address":"aws_default_security_group.default","mode":"managed","type":"aws_default_security_group","name":"default","provider_name":"registry.terraform.io/hashicorp/aws","change":{"actions":["create"],"before":null,"after":{"egress":[{"cidr_blocks":["0.0.0.0/0"],"description":"","from_port":0,"ipv6_cidr_blocks":[],"prefix_list_ids":[],"protocol":"-1","security_groups":[],"self":false,"to_port":0}],"ingress":[{"cidr_blocks":["0.0.0.0/0"],"description":"","from_port":80,"ipv6_cidr_blocks":[],"prefix_list_ids":[],"protocol":"tcp","security_groups":[],"self":false,"to_port":80}],"revoke_rules_on_delete":false,"tags":{"Name":"insecure-example-test-default-sg"},"tags_all":{"Environment":"test","ManagedBy":"terraform","Name":"insecure-example-test-default-sg","Project":"insecure-example","Purpose":"security-testing"}},"after_unknown":{"arn":true,"description":true,"egress":[{"cidr_blocks":[false],"ipv6_cidr_blocks":[],"prefix_list_ids":[],"security_groups":[]}],"id":true,"ingress":[{"cidr_blocks":[false],"ipv6_cidr_blocks":[],"prefix_list_ids":[],"security_groups":[]}],"name":true,"name_prefix":true,"owner_id":true,"tags":{},"tags_all":{},"vpc_id":true},"before_sensitive":false,"after_sensitive":{"egress":[{"cidr_blocks":[false],"ipv6_cidr_blocks":[],"prefix_list_ids":[],"security_groups":[]}],"ingress":[{"cidr_blocks":[false],"ipv6_cidr_blocks":[],"prefix_list_ids":[],"security_groups":[]}],"tags":{},"tags_all":{}}}},{"address":"aws_iam_policy.wildcard_policy","mode":"managed","type":"aws_iam_policy","name":"wildcard_policy","provider_name":"registry.terraform.io/hashicorp/aws","change":{"actions":["create"],"before":null,"after":{"description":"Policy with wildcard actions - INSECURE","name_prefix":"insecure-example-test-wildcard-policy-","path":"/","policy":"{\"Statement\":[{\"Action\":\"*\",\"Effect\":\"Allow\",\"Resource\":\"*\"}],\"Version\":\"2012-10-17\"}","tags":{"Name":"insecure-example-test-wildcard-policy"},"tags_all":{"Environment":"test","ManagedBy":"terraform","Name":"insecure-example-test-wildcard-policy","Project":"insecure-example","Purpose":"security-testing"}},"after_unknown":{"arn":true,"attachment_count":true,"id":true,"name":true,"policy_id":true,"tags":{},"tags_all":{}},"before_sensitive":false,"after_sensitive":{"tags":{},"tags_all":{}}}},{"address":"aws_iam_role.insecure_role","mode":"managed","type":"aws_iam_role","name":"insecure_role","provider_name":"registry.terraform.io/hashicorp/aws","change":{"actions":["create"],"before":null,"after":{"assume_role_policy":"{\"Statement\":[{\"Action\":\"sts:AssumeRole\",\"Effect\":\"Allow\",\"Principal\":\"*\"}],\"Version\":\"2012-10-17\"}","description":null,"force_detach_policies":false,"max_session_duration":3600,"name_prefix":"insecure-example-test-insecure-role-","path":"/","permissions_boundary":null,"tags":{"Name":"insecure-example-test-insecure-role"},"tags_all":{"Environment":"test","ManagedBy":"terraform","Name":"insecure-example-test-insecure-role","Project":"insecure-example","Purpose":"security-testing"}},"after_unknown":{"arn":true,"create_date":true,"id":true,"inline_policy":true,"managed_policy_arns":true,"name":true,"tags":{},"tags_all":{},"unique_id":true},"before_sensitive":false,"after_sensitive":{"inline_policy":[],"managed_policy_arns":[],"tags":{},"tags_all":{}}}},{"address":"aws_iam_role_policy_attachment.wildcard_attachment","mode":"managed","type":"aws_iam_role_policy_attachment","name":"wildcard_attachment","provider_name":"registry.terraform.io/hashicorp/aws","change":{"actions":["create"],"before":null,"after":{},"after_unknown":{"id":true,"policy_arn":true,"role":true},"before_sensitive":false,"after_sensitive":{}}},{"address":"aws_iam_user.insecure_user","mode":"managed","type":"aws_iam_user","name":"insecure_user","provider_name":"registry.terraform.io/hashicorp/aws","change":{"actions":["create"],"before":null,"after":{"force_destroy":false,"name":"insecure-example-test-insecure-user","path":"/","permissions_boundary":null,"tags":{"Name":"insecure-example-test-insecure-user"},"tags_all":{"Environment":"test","ManagedBy":"terraform","Name":"insecure-example-test-insecure-user","Project":"insecure-example","Purpose":"security-testing"}},"after_unknown":{"arn":true,"id":true,"tags":{},"tags_all":{},"unique_id":true},"before_sensitive":false,"after_sensitive":{"tags":{},"tags_all":{}}}},{"address":"aws_iam_user_policy.insecure_inline_policy","mode":"managed","type":"aws_iam_user_policy","name":"insecure_inline_policy","provider_name":"registry.terraform.io/hashicorp/aws","change":{"actions":["create"],"before":null,"after":{"name":"insecure-example-test-inline-policy","policy":"{\"Version\":\"2012-10-17\",\"Statement\":[{\"Action\":[\"s3:GetObject\"],\"Effect\":\"Allow\",\"Resource\":\"*\"}]}","user":"insecure-example-test-insecure-user"},"after_unknown":{"id":true,"name_prefix":true},"before_sensitive":false,"after_sensitive":{}}},{"address":"aws_internet_gateway.main","mode":"managed","type":"aws_internet_gateway","name":"main","provider_name":"registry.terraform.io/hashicorp/aws","change":{"actions":["create"],"before":null,"after":{"tags":{"Name":"insecure-example-test-igw"},"tags_all":{"Environment":"test","ManagedBy":"terraform","Name":"insecure-example-test-igw","Project":"insecure-example","Purpose":"security-testing"},"timeouts":null},"after_unknown":{"arn":true,"id":true,"owner_id":true,"tags":{},"tags_all":{},"vpc_id":true},"before_sensitive":false,"after_sensitive":{"tags":{},"tags_all":{}}}},{"address":"aws_route_table.public","mode":"managed","type":"aws_route_table","name":"public","provider_name":"registry.terraform.io/hashicorp/aws","change":{"actions":["create"],"before":null,"after":{"route":[{"carrier_gateway_id":"","cidr_block":"0.0.0.0/0","core_network_arn":"","destination_prefix_list_id":"","egress_only_gateway_id":"","ipv6_cidr_block":"","local_gateway_id":"","nat_gateway_id":"","network_interface_id":"","transit_gateway_id":"","vpc_endpoint_id":"","vpc_peering_connection_id":""}],"tags":{"Name":"insecure-example-test-public-rt"},"tags_all":{"Environment":"test","ManagedBy":"terraform","Name":"insecure-example-test-public-rt","Project":"insecure-example","Purpose":"security-testing"},"timeouts":null},"after_unknown":{"arn":true,"id":true,"owner_id":true,"propagating_vgws":true,"route":[{"gateway_id":true}],"tags":{},"tags_all":{},"vpc_id":true},"before_sensitive":false,"after_sensitive":{"propagating_vgws":[],"route":[{}],"tags":{},"tags_all":{}}}},{"address":"aws_route_table_association.public","mode":"managed","type":"aws_route_table_association","name":"public","provider_name":"registry.terraform.io/hashicorp/aws","change":{"actions":["create"],"before":null,"after":{"gateway_id":null,"timeouts":null},"after_unknown":{"id":true,"route_table_id":true,"subnet_id":true},"before_sensitive":false,"after_sensitive":{}}},{"address":"aws_s3_bucket.insecure_bucket","mode":"managed","type":"aws_s3_bucket","name":"insecure_bucket","provider_name":"registry.terraform.io/hashicorp/aws","change":{"actions":["create"],"before":null,"after":{"force_destroy":false,"tags":{"Name":"insecure-example-test-insecure-bucket"},"tags_all":{"Environment":"test","ManagedBy":"terraform","Name":"insecure-example-test-insecure-bucket","Project":"insecure-example","Purpose":"security-testing"},"timeouts":null},"after_unknown":{"acceleration_status":true,"acl":true,"arn":true,"bucket":true,"bucket_domain_name":true,"bucket_prefix":true,"bucket_regional_domain_name":true,"cors_rule":true,"grant":true,"hosted_zone_id":true,"id":true,"lifecycle_rule":true,"logging":true,"object_lock_configuration":true,"object_lock_enabled":true,"policy":true,"region":true,"replication_configuration":true,"request_payer":true,"server_side_encryption_configuration":true,"tags":{},"tags_all":{},"versioning":true,"website":true,"website_domain":true,"website_endpoint":true},"before_sensitive":false,"after_sensitive":{"cors_rule":[],"grant":[],"lifecycle_rule":[],"logging":[],"object_lock_configuration":[],"replication_configuration":[],"server_side_encryption_configuration":[],"tags":{},"tags_all":{},"versioning":[],"website":[]}}},{"address":"aws_s3_bucket.public_bucket","mode":"managed","type":"aws_s3_bucket","name":"public_bucket","provider_name":"registry.terraform.io/hashicorp/aws","change":{"actions":["create"],"before":null,"after":{"force_destroy":false,"tags":{"Name":"insecure-example-test-public-bucket"},"tags_all":{"Environment":"test","ManagedBy":"terraform","Name":"insecure-example-test-public-bucket","Project":"insecure-example","Purpose":"security-testing"},"timeouts":null},"after_unknown":{"acceleration_status":true,"acl":true,"arn":true,"bucket":true,"bucket_domain_name":true,"bucket_prefix":true,"bucket_regional_domain_name":true,"cors_rule":true,"grant":true,"hosted_zone_id":true,"id":true,"lifecycle_rule":true,"logging":true,"object_lock_configuration":true,"object_lock_enabled":true,"policy":true,"region":true,"replication_configuration":true,"request_payer":true,"server_side_encryption_configuration":true,"tags":{},"tags_all":{},"versioning":true,"website":true,"website_domain":true,"website_endpoint":true},"before_sensitive":false,"after_sensitive":{"cors_rule":[],"grant":[],"lifecycle_rule":[],"logging":[],"object_lock_configuration":[],"replication_configuration":[],"server_side_encryption_configuration":[],"tags":{},"tags_all":{},"versioning":[],"website":[]}}},{"address":"aws_s3_bucket_public_access_block.public_bucket_bad","mode":"managed","type":"aws_s3_bucket_public_access_block","name":"public_bucket_bad","provider_name":"registry.terraform.io/hashicorp/aws","change":{"actions":["create"],"before":null,"after":{"block_public_acls":false,"block_public_policy":false,"ignore_public_acls":false,"restrict_public_buckets":false},"after_unknown":{"bucket":true,"id":true},"before_sensitive":false,"after_sensitive":{}}},{"address":"aws_security_group.inline_rules","mode":"managed","type":"aws_security_group","name":"inline_rules","provider_name":"registry.terraform.io/hashicorp/aws","change":{"actions":["create"],"before":null,"after":{"description":"Security group with inline rules demonstrating violations","egress":[{"cidr_blocks":["0.0.0.0/0"],"description":"","from_port":0,"ipv6_cidr_blocks":[],"prefix_list_ids":[],"protocol":"-1","security_groups":[],"self":false,"to_port":0}],"ingress":[{"cidr_blocks":["0.0.0.0/0"],"description":"","from_port":22,"ipv6_cidr_blocks":[],"prefix_list_ids":[],"protocol":"tcp","security_groups":[],"self":false,"to_port":22},{"cidr_blocks":["0.0.0.0/0"],"description":"","from_port":3389,"ipv6_cidr_blocks":[],"prefix_list_ids":[],"protocol":"tcp","security_groups":[],"self":false,"to_port":3389}],"name_prefix":"insecure-example-test-inline-","revoke_rules_on_delete":false,"tags":{"Name":"insecure-example-test-inline-sg"},"tags_all":{"Environment":"test","ManagedBy":"terraform","Name":"insecure-example-test-inline-sg","Project":"insecure-example","Purpose":"security-testing"},"timeouts":null},"after_unknown":{"arn":true,"egress":[{"cidr_blocks":[false],"ipv6_cidr_blocks":[],"prefix_list_ids":[],"security_groups":[]}],"id":true,"ingress":[{"cidr_blocks":[false],"ipv6_cidr_blocks":[],"prefix_list_ids":[],"security_groups":[]},{"cidr_blocks":[false],"ipv6_cidr_blocks":[],"prefix_list_ids":[],"security_groups":[]}],"name":true,"owner_id":true,"tags":{},"tags_all":{},"vpc_id":true},"before_sensitive":false,"after_sensitive":{"egress":[{"cidr_blocks":[false],"ipv6_cidr_blocks":[],"prefix_list_ids":[],"security_groups":[]}],"ingress":[{"cidr_blocks":[false],"ipv6_cidr_blocks":[],"prefix_list_ids":[],"security_groups":[]},{"cidr_blocks":[false],"ipv6_cidr_blocks":[],"prefix_list_ids":[],"security_groups":[]}],"tags":{},"tags_all":{}}}},{"address":"aws_security_group.insecure_web","mode":"managed","type":"aws_security_group","name":"insecure_web","provider_name":"registry.terraform.io/hashicorp/aws","change":{"actions":["create"],"before":null,"after":{"description":"Insecure security group for demonstration","name_prefix":"insecure-example-test-insecure-web-","revoke_rules_on_delete":false,"tags":{"Name":"insecure-example-test-insecure-web-sg"},"tags_all":{"Environment":"test","ManagedBy":"terraform","Name":"insecure-example-test-insecure-web-sg","Project":"insecure-example","Purpose":"security-testing"},"timeouts":null},"after_unknown":{"arn":true,"egress":true,"id":true,"ingress":true,"name":true,"owner_id":true,"tags":{},"tags_all":{},"vpc_id":true},"before_sensitive":false,"after_sensitive":{"egress":[],"ingress":[],"tags":{},"tags_all":{}}}},{"address":"aws_security_group_rule.rdp_from_anywhere","mode":"managed","type":"aws_security_group_rule","name":"rdp_from_anywhere","provider_name":"registry.terraform.io/hashicorp/aws","change":{"actions":["create"],"before":null,"after":{"cidr_blocks":["0.0.0.0/0"],"description":"RDP access from anywhere - INSECURE","from_port":3389,"ipv6_cidr_blocks":null,"prefix_list_ids":null,"protocol":"tcp","self":false,"timeouts":null,"to_port":3389,"type":"ingress"},"after_unknown":{"cidr_blocks":[false],"id":true,"security_group_id":true,"security_group_rule_id":true,"source_security_group_id":true},"before_sensitive":false,"after_sensitive":{"cidr_blocks":[false]}}},{"address":"aws_security_group_rule.ssh_from_anywhere","mode":"managed","type":"aws_security_group_rule","name":"ssh_from_anywhere","provider_name":"registry.terraform.io/hashicorp/aws","change":{"actions":["create"],"before":null,"after":{"cidr_blocks":["0.0.0.0/0"],"description":"SSH access from anywhere - INSECURE","from_port":22,"ipv6_cidr_blocks":null,"prefix_list_ids":null,"protocol":"tcp","self":false,"timeouts":null,"to_port":22,"type":"ingress"},"after_unknown":{"cidr_blocks":[false],"id":true,"security_group_id":true,"security_group_rule_id":true,"source_security_group_id":true},"before_sensitive":false,"after_sensitive":{"cidr_blocks":[false]}}},{"address":"aws_security_group_rule.unrestricted_egress","mode":"managed","type":"aws_security_group_rule","name":"unrestricted_egress","provider_name":"registry.terraform.io/hashicorp/aws","change":{"actions":["create"],"before":null,"after":{"cidr_blocks":["0.0.0.0/0"],"description":"Unrestricted outbound traffic - INSECURE","from_port":0,"ipv6_cidr_blocks":null,"prefix_list_ids":null,"protocol":"tcp","self":false,"timeouts":null,"to_port":65535,"type":"egress"},"after_unknown":{"cidr_blocks":[false],"id":true,"security_group_id":true,"security_group_rule_id":true,"source_security_group_id":true},"before_sensitive":false,"after_sensitive":{"cidr_blocks":[false]}}},{"address":"aws_subnet.public","mode":"managed","type":"aws_subnet","name":"public","provider_name":"registry.terraform.io/hashicorp/aws","change":{"actions":["create"],"before":null,"after":{"assign_ipv6_address_on_creation":false,"availability_zone":"us-east-1a","cidr_block":"10.0.1.0/24","customer_owned_ipv4_pool":null,"enable_dns64":false,"enable_lni_at_device_index":null,"enable_resource_name_dns_a_record_on_launch":false,"enable_resource_name_dns_aaaa_record_on_launch":false,"ipv6_cidr_block":null,"ipv6_native":false,"map_customer_owned_ip_on_launch":null,"map_public_ip_on_launch":true,"outpost_arn":null,"tags":{"Name":"insecure-example-test-public-subnet"},"tags_all":{"Environment":"test","ManagedBy":"terraform","Name":"insecure-example-test-public-subnet","Project":"insecure-example","Purpose":"security-testing"},"timeouts":null},"after_unknown":{"arn":true,"availability_zone_id":true,"id":true,"ipv6_cidr_block_association_id":true,"owner_id":true,"private_dns_hostname_type_on_launch":true,"tags":{},"tags_all":{},"vpc_id":true},"before_sensitive":false,"after_sensitive":{"tags":{},"tags_all":{}}}},{"address":"aws_vpc.main","mode":"managed","type":"aws_vpc","name":"main","provider_name":"registry.terraform.io/hashicorp/aws","change":{"actions":["create"],"before":null,"after":{"assign_generated_ipv6_cidr_block":null,"cidr_block":"10.0.0.0/16","enable_dns_hostnames":true,"enable_dns_support":true,"instance_tenancy":"default","ipv4_ipam_pool_id":null,"ipv4_netmask_length":null,"ipv6_ipam_pool_id":null,"ipv6_netmask_length":null,"tags":{"Name":"insecure-example-test-vpc"},"tags_all":{"Environment":"test","ManagedBy":"terraform","Name":"insecure-example-test-vpc","Project":"insecure-example","Purpose":"security-testing"}},"after_unknown":{"arn":true,"default_network_acl_id":true,"default_route_table_id":true,"default_security_group_id":true,"dhcp_options_id":true,"enable_network_address_usage_metrics":true,"id":true,"ipv6_association_id":true,"ipv6_cidr_block":true,"ipv6_cidr_block_network_border_group":true,"main_route_table_id":true,"owner_id":true,"tags":{},"tags_all":{}},"before_sensitive":false,"after_sensitive":{"tags":{},"tags_all":{}}}},{"address":"random_id.suffix","mode":"managed","type":"random_id","name":"suffix","provider_name":"registry.terraform.io/hashicorp/random","change":{"actions":["create"],"before":null,"after":{"byte_length":4,"keepers":null,"prefix":null},"after_unknown":{"b64_std":true,"b64_url":true,"dec":true,"hex":true,"id":true},"before_sensitive":false,"after_sensitive":{}}}],"output_changes":{"insecure_bucket_name":{"actions":["create"],"before":null,"after_unknown":true,"before_sensitive":false,"after_sensitive":false},"insecure_role_arn":{"actions":["create"],"before":null,"after_unknown":true,"before_sensitive":false,"after_sensitive":false},"insecure_security_group_id":{"actions":["create"],"before":null,"after_unknown":true,"before_sensitive":false,"after_sensitive":false},"insecure_user_name":{"actions":["create"],"before":null,"after":"insecure-example-test-insecure-user","after_unknown":false,"before_sensitive":false,"after_sensitive":false},"public_bucket_name":{"actions":["create"],"before":null,"after_unknown":true,"before_sensitive":false,"after_sensitive":false},"violations_summary":{"actions":["create"],"before":null,"after":{"critical_violations":["IAM-001: Wildcard actions on all resources","IAM-003: Trust policy allows any principal (*)","NET-001: SSH access from 0.0.0.0/0","NET-002: RDP access from 0.0.0.0/0","DATA-002: S3 bucket allows public access"],"high_violations":["IAM-002: IAM user has inline policy","NET-003: Default security group has rules","NET-004: Unrestricted outbound traffic","DATA-001: S3 bucket without encryption"],"medium_violations":["DATA-003: S3 bucket without versioning","DATA-004: S3 bucket without access logging"],"total_expected_violations":11},"after_unknown":false,"before_sensitive":false,"after_sensitive":false},"vpc_id":{"actions":["create"],"before":null,"after_unknown":true,"before_sensitive":false,"after_sensitive":false},"wildcard_policy_arn":{"actions":["create"],"before":null,"after_unknown":true,"before_sensitive":false,"after_sensitive":false}},"prior_state":{"format_version":"1.0","terraform_version":"1.5.7","values":{"outputs":{"insecure_user_name":{"sensitive":false,"value":"insecure-example-test-insecure-user","type":"string"},"violations_summary":{"sensitive":false,"value":{"critical_violations":["IAM-001: Wildcard actions on all resources","IAM-003: Trust policy allows any principal (*)","NET-001: SSH access from 0.0.0.0/0","NET-002: RDP access from 0.0.0.0/0","DATA-002: S3 bucket allows public access"],"high_violations":["IAM-002: IAM user has inline policy","NET-003: Default security group has rules","NET-004: Unrestricted outbound traffic","DATA-001: S3 bucket without encryption"],"medium_violations":["DATA-003: S3 bucket without versioning","DATA-004: S3 bucket without access logging"],"total_expected_violations":11},"type":["object",{"critical_violations":["tuple",["string","string","string","string","string"]],"high_violations":["tuple",["string","string","string","string"]],"medium_violations":["tuple",["string","string"]],"total_expected_violations":"number"}]}},"root_module":{"resources":[{"address":"data.aws_availability_zones.available","mode":"data","type":"aws_availability_zones","name":"available","provider_name":"registry.terraform.io/hashicorp/aws","schema_version":0,"values":{"all_availability_zones":null,"exclude_names":null,"exclude_zone_ids":null,"filter":null,"group_names":["us-east-1-zg-1"],"id":"us-east-1","names":["us-east-1a","us-east-1b","us-east-1c","us-east-1d","us-east-1e","us-east-1f"],"state":"available","timeouts":null,"zone_ids":["use1-az1","use1-az2","use1-az4","use1-az6","use1-az3","use1-az5"]},"sensitive_values":{"group_names":[false],"names":[false,false,false,false,false,false],"zone_ids":[false,false,false,false,false,false]}}]}}},"configuration":{"provider_config":{"aws":{"name":"aws","full_name":"registry.terraform.io/hashicorp/aws","version_constraint":"~\u003e 5.0","expressions":{"default_tags":[{"tags":{"references":["var.tags"]}}],"region":{"constant_value":"us-east-1"}}},"random":{"name":"random","full_name":"registry.terraform.io/hashicorp/random","version_constraint":"~\u003e 3.1"}},"root_module":{"outputs":{"insecure_bucket_name":{"expression":{"references":["aws_s3_bucket.insecure_bucket.id","aws_s3_bucket.insecure_bucket"]},"description":"Name of the insecure S3 bucket"},"insecure_role_arn":{"expression":{"references":["aws_iam_role.insecure_role.arn","aws_iam_role.insecure_role"]},"description":"ARN of the insecure IAM role"},"insecure_security_group_id":{"expression":{"references":["aws_security_group.insecure_web.id","aws_security_group.insecure_web"]},"description":"ID of the insecure security group"},"insecure_user_name":{"expression":{"references":["aws_iam_user.insecure_user.name","aws_iam_user.insecure_user"]},"description":"Name of the insecure IAM user"},"public_bucket_name":{"expression":{"references":["aws_s3_bucket.public_bucket.id","aws_s3_bucket.public_bucket"]},"description":"Name of the public S3 bucket"},"violations_summary":{"expression":{"constant_value":{"critical_violations":["IAM-001: Wildcard actions on all resources","IAM-003: Trust policy allows any principal (*)","NET-001: SSH access from 0.0.0.0/0","NET-002: RDP access from 0.0.0.0/0","DATA-002: S3 bucket allows public access"],"high_violations":["IAM-002: IAM user has inline policy","NET-003: Default security group has rules","NET-004: Unrestricted outbound traffic","DATA-001: S3 bucket without encryption"],"medium_violations":["DATA-003: S3 bucket without versioning","DATA-004: S3 bucket without access logging"],"total_expected_violations":11}},"description":"Summary of intentional security violations"},"vpc_id":{"expression":{"references":["aws_vpc.main.id","aws_vpc.main"]},"description":"ID of the insecure VPC"},"wildcard_policy_arn":{"expression":{"references":["aws_iam_policy.wildcard_policy.arn","aws_iam_policy.wildcard_policy"]},"description":"ARN of the wildcard IAM policy"}},"resources":[{"address":"aws_default_security_group.default","mode":"managed","type":"aws_default_security_group","name":"default","provider_config_key":"aws","expressions":{"egress":{"constant_value":[{"cidr_blocks":["0.0.0.0/0"],"description":null,"from_port":0,"ipv6_cidr_blocks":null,"prefix_list_ids":null,"protocol":"-1","security_groups":null,"self":null,"to_port":0}]},"ingress":{"constant_value":[{"cidr_blocks":["0.0.0.0/0"],"description":null,"from_port":80,"ipv6_cidr_blocks":null,"prefix_list_ids":null,"protocol":"tcp","security_groups":null,"self":null,"to_port":80}]},"tags":{"references":["local.name_prefix"]},"vpc_id":{"references":["aws_vpc.main.id","aws_vpc.main"]}},"schema_version":1},{"address":"aws_iam_policy.wildcard_policy","mode":"managed","type":"aws_iam_policy","name":"wildcard_policy","provider_config_key":"aws","expressions":{"description":{"constant_value":"Policy with wildcard actions - INSECURE"},"name_prefix":{"references":["local.name_prefix"]},"policy":{},"tags":{"references":["local.name_prefix"]}},"schema_version":0},{"address":"aws_iam_role.insecure_role","mode":"managed","type":"aws_iam_role","name":"insecure_role","provider_config_key":"aws","expressions":{"assume_role_policy":{},"name_prefix":{"references":["local.name_prefix"]},"tags":{"references":["local.name_prefix"]}},"schema_version":0},{"address":"aws_iam_role_policy_attachment.wildcard_attachment","mode":"managed","type":"aws_iam_role_policy_attachment","name":"wildcard_attachment","provider_config_key":"aws","expressions":{"policy_arn":{"references":["aws_iam_policy.wildcard_policy.arn","aws_iam_policy.wildcard_policy"]},"role":{"references":["aws_iam_role.insecure_role.name","aws_iam_role.insecure_role"]}},"schema_version":0},{"address":"aws_iam_user.insecure_user","mode":"managed","type":"aws_iam_user","name":"insecure_user","provider_config_key":"aws","expressions":{"name":{"references":["local.name_prefix"]},"tags":{"references":["local.name_prefix"]}},"schema_version":0},{"address":"aws_iam_user_policy.insecure_inline_policy","mode":"managed","type":"aws_iam_user_policy","name":"insecure_inline_policy","provider_config_key":"aws","expressions":{"name":{"references":["local.name_prefix"]},"policy":{},"user":{"references":["aws_iam_user.insecure_user.name","aws_iam_user.insecure_user"]}},"schema_version":0},{"address":"aws_internet_gateway.main","mode":"managed","type":"aws_internet_gateway","name":"main","provider_config_key":"aws","expressions":{"tags":{"references":["local.name_prefix"]},"vpc_id":{"references":["aws_vpc.main.id","aws_vpc.main"]}},"schema_version":0},{"address":"aws_route_table.public","mode":"managed","type":"aws_route_table","name":"public","provider_config_key":"aws","expressions":{"route":{"references":["aws_internet_gateway.main.id","aws_internet_gateway.main"]},"tags":{"references":["local.name_prefix"]},"vpc_id":{"references":["aws_vpc.main.id","aws_vpc.main"]}},"schema_version":0},{"address":"aws_route_table_association.public","mode":"managed","type":"aws_route_table_association","name":"public","provider_config_key":"aws","expressions":{"route_table_id":{"references":["aws_route_table.public.id","aws_route_table.public"]},"subnet_id":{"references":["aws_subnet.public.id","aws_subnet.public"]}},"schema_version":0},{"address":"aws_s3_bucket.insecure_bucket","mode":"managed","type":"aws_s3_bucket","name":"insecure_bucket","provider_config_key":"aws","expressions":{"bucket":{"references":["var.s3_bucket_prefix","local.bucket_suffix"]},"tags":{"references":["local.name_prefix"]}},"schema_version":0},{"address":"aws_s3_bucket.public_bucket","mode":"managed","type":"aws_s3_bucket","name":"public_bucket","provider_config_key":"aws","expressions":{"bucket":{"references":["var.s3_bucket_prefix","local.bucket_suffix"]},"tags":{"references":["local.name_prefix"]}},"schema_version":0},{"address":"aws_s3_bucket_public_access_block.public_bucket_bad","mode":"managed","type":"aws_s3_bucket_public_access_block","name":"public_bucket_bad","provider_config_key":"aws","expressions":{"block_public_acls":{"constant_value":false},"block_public_policy":{"constant_value":false},"bucket":{"references":["aws_s3_bucket.public_bucket.id","aws_s3_bucket.public_bucket"]},"ignore_public_acls":{"constant_value":false},"restrict_public_buckets":{"constant_value":false}},"schema_version":0},{"address":"aws_security_group.inline_rules","mode":"managed","type":"aws_security_group","name":"inline_rules","provider_config_key":"aws","expressions":{"description":{"constant_value":"Security group with inline rules demonstrating violations"},"egress":{"constant_value":[{"cidr_blocks":["0.0.0.0/0"],"description":null,"from_port":0,"ipv6_cidr_blocks":null,"prefix_list_ids":null,"protocol":"-1","security_groups":null,"self":null,"to_port":0}]},"ingress":{"constant_value":[{"cidr_blocks":["0.0.0.0/0"],"description":null,"from_port":22,"ipv6_cidr_blocks":null,"prefix_list_ids":null,"protocol":"tcp","security_groups":null,"self":null,"to_port":22},{"cidr_blocks":["0.0.0.0/0"],"description":null,"from_port":3389,"ipv6_cidr_blocks":null,"prefix_list_ids":null,"protocol":"tcp","security_groups":null,"self":null,"to_port":3389}]},"name_prefix":{"references":["local.name_prefix"]},"tags":{"references":["local.name_prefix"]},"vpc_id":{"references":["aws_vpc.main.id","aws_vpc.main"]}},"schema_version":1},{"address":"aws_security_group.insecure_web","mode":"managed","type":"aws_security_group","name":"insecure_web","provider_config_key":"aws","expressions":{"description":{"constant_value":"Insecure security group for demonstration"},"name_prefix":{"references":["local.name_prefix"]},"tags":{"references":["local.name_prefix"]},"vpc_id":{"references":["aws_vpc.main.id","aws_vpc.main"]}},"schema_version":1},{"address":"aws_security_group_rule.rdp_from_anywhere","mode":"managed","type":"aws_security_group_rule","name":"rdp_from_anywhere","provider_config_key":"aws","expressions":{"cidr_blocks":{"constant_value":["0.0.0.0/0"]},"description":{"constant_value":"RDP access from anywhere - INSECURE"},"from_port":{"constant_value":3389},"protocol":{"constant_value":"tcp"},"security_group_id":{"references":["aws_security_group.insecure_web.id","aws_security_group.insecure_web"]},"to_port":{"constant_value":3389},"type":{"constant_value":"ingress"}},"schema_version":2},{"address":"aws_security_group_rule.ssh_from_anywhere","mode":"managed","type":"aws_security_group_rule","name":"ssh_from_anywhere","provider_config_key":"aws","expressions":{"cidr_blocks":{"constant_value":["0.0.0.0/0"]},"description":{"constant_value":"SSH access from anywhere - INSECURE"},"from_port":{"constant_value":22},"protocol":{"constant_value":"tcp"},"security_group_id":{"references":["aws_security_group.insecure_web.id","aws_security_group.insecure_web"]},"to_port":{"constant_value":22},"type":{"constant_value":"ingress"}},"schema_version":2},{"address":"aws_security_group_rule.unrestricted_egress","mode":"managed","type":"aws_security_group_rule","name":"unrestricted_egress","provider_config_key":"aws","expressions":{"cidr_blocks":{"constant_value":["0.0.0.0/0"]},"description":{"constant_value":"Unrestricted outbound traffic - INSECURE"},"from_port":{"constant_value":0},"protocol":{"constant_value":"tcp"},"security_group_id":{"references":["aws_security_group.insecure_web.id","aws_security_group.insecure_web"]},"to_port":{"constant_value":65535},"type":{"constant_value":"egress"}},"schema_version":2},{"address":"aws_subnet.public","mode":"managed","type":"aws_subnet","name":"public","provider_config_key":"aws","expressions":{"availability_zone":{"references":["data.aws_availability_zones.available.names[0]","data.aws_availability_zones.available.names","data.aws_availability_zones.available"]},"cidr_block":{"references":["var.vpc_cidr"]},"map_public_ip_on_launch":{"constant_value":true},"tags":{"references":["local.name_prefix"]},"vpc_id":{"references":["aws_vpc.main.id","aws_vpc.main"]}},"schema_version":1},{"address":"aws_vpc.main","mode":"managed","type":"aws_vpc","name":"main","provider_config_key":"aws","expressions":{"cidr_block":{"references":["var.vpc_cidr"]},"enable_dns_hostnames":{"constant_value":true},"enable_dns_support":{"constant_value":true},"tags":{"references":["local.name_prefix"]}},"schema_version":1},{"address":"random_id.suffix","mode":"managed","type":"random_id","name":"suffix","provider_config_key":"random","expressions":{"byte_length":{"constant_value":4}},"schema_version":0},{"address":"data.aws_availability_zones.available","mode":"data","type":"aws_availability_zones","name":"available","provider_config_key":"aws","expressions":{"state":{"constant_value":"available"}},"schema_version":0}],"variables":{"environment":{"default":"test","description":"Environment name (dev, test, prod)"},"project_name":{"default":"insecure-example","description":"Project name for resource naming"},"s3_bucket_prefix":{"default":"insecure-example","description":"Prefix for S3 bucket names"},"tags":{"default":{"Environment":"test","ManagedBy":"terraform","Project":"insecure-example","Purpose":"security-testing"},"description":"Common tags for all resources"},"vpc_cidr":{"default":"10.0.0.0/16","description":"CIDR block for VPC"}}}},"relevant_attributes":[{"resource":"random_id.suffix","attribute":["hex"]},{"resource":"aws_iam_user.insecure_user","attribute":["name"]},{"resource":"aws_vpc.main","attribute":["id"]},{"resource":"aws_s3_bucket.public_bucket","attribute":["id"]},{"resource":"aws_security_group.insecure_web","attribute":["id"]},{"resource":"data.aws_availability_zones.available","attribute":["names",0]},{"resource":"aws_route_table.public","attribute":["id"]},{"resource":"aws_s3_bucket.insecure_bucket","attribute":["id"]},{"resource":"aws_iam_policy.wildcard_policy","attribute":["arn"]},{"resource":"aws_iam_role.insecure_role","attribute":["name"]},{"resource":"aws_internet_gateway.main","attribute":["id"]},{"resource":"aws_subnet.public","attribute":["id"]},{"resource":"aws_iam_role.insecure_role","attribute":["arn"]}],"timestamp":"2026-01-21T14:30:41Z"}
